// !$*UTF8*$!
{
	archiveVersion = 1;
	classes = {
	};
	objectVersion = 55;
	objects = {

/* Begin PBXBuildFile section */
		32057F5F274142CE00A2EA7A /* AppDelegate.swift in Sources */ = {isa = PBXBuildFile; fileRef = 32057F5E274142CE00A2EA7A /* AppDelegate.swift */; };
		32057F61274142CE00A2EA7A /* SceneDelegate.swift in Sources */ = {isa = PBXBuildFile; fileRef = 32057F60274142CE00A2EA7A /* SceneDelegate.swift */; };
		32057F66274142CE00A2EA7A /* Main.storyboard in Resources */ = {isa = PBXBuildFile; fileRef = 32057F64274142CE00A2EA7A /* Main.storyboard */; };
		32057F68274142D000A2EA7A /* Assets.xcassets in Resources */ = {isa = PBXBuildFile; fileRef = 32057F67274142D000A2EA7A /* Assets.xcassets */; };
		32057F6B274142D000A2EA7A /* LaunchScreen.storyboard in Resources */ = {isa = PBXBuildFile; fileRef = 32057F69274142D000A2EA7A /* LaunchScreen.storyboard */; };
		32057F732741449000A2EA7A /* ItemsViewController.swift in Sources */ = {isa = PBXBuildFile; fileRef = 32057F722741449000A2EA7A /* ItemsViewController.swift */; };
		32057F752741460500A2EA7A /*  Item.swift in Sources */ = {isa = PBXBuildFile; fileRef = 32057F742741460500A2EA7A /*  Item.swift */; };
		32057F772741485E00A2EA7A /* ItemStore.swift in Sources */ = {isa = PBXBuildFile; fileRef = 32057F762741485E00A2EA7A /* ItemStore.swift */; };
		32D3E552274F78B0003DF048 /* DetailViewController.swift in Sources */ = {isa = PBXBuildFile; fileRef = 32D3E551274F78B0003DF048 /* DetailViewController.swift */; };
		32FF2C1F274B6BBD005B8947 /*  ItemCell.swift in Sources */ = {isa = PBXBuildFile; fileRef = 32FF2C1E274B6BBD005B8947 /*  ItemCell.swift */; };
/* End PBXBuildFile section */

/* Begin PBXFileReference section */
		32057F5B274142CE00A2EA7A /* LootLogger.app */ = {isa = PBXFileReference; explicitFileType = wrapper.application; includeInIndex = 0; path = LootLogger.app; sourceTree = BUILT_PRODUCTS_DIR; };
		32057F5E274142CE00A2EA7A /* AppDelegate.swift */ = {isa = PBXFileReference; lastKnownFileType = sourcecode.swift; path = AppDelegate.swift; sourceTree = "<group>"; };
		32057F60274142CE00A2EA7A /* SceneDelegate.swift */ = {isa = PBXFileReference; lastKnownFileType = sourcecode.swift; path = SceneDelegate.swift; sourceTree = "<group>"; };
		32057F65274142CE00A2EA7A /* Base */ = {isa = PBXFileReference; lastKnownFileType = file.storyboard; name = Base; path = Base.lproj/Main.storyboard; sourceTree = "<group>"; };
		32057F67274142D000A2EA7A /* Assets.xcassets */ = {isa = PBXFileReference; lastKnownFileType = folder.assetcatalog; path = Assets.xcassets; sourceTree = "<group>"; };
		32057F6A274142D000A2EA7A /* Base */ = {isa = PBXFileReference; lastKnownFileType = file.storyboard; name = Base; path = Base.lproj/LaunchScreen.storyboard; sourceTree = "<group>"; };
		32057F6C274142D000A2EA7A /* Info.plist */ = {isa = PBXFileReference; lastKnownFileType = text.plist.xml; path = Info.plist; sourceTree = "<group>"; };
		32057F722741449000A2EA7A /* ItemsViewController.swift */ = {isa = PBXFileReference; lastKnownFileType = sourcecode.swift; path = ItemsViewController.swift; sourceTree = "<group>"; };
		32057F742741460500A2EA7A /*  Item.swift */ = {isa = PBXFileReference; lastKnownFileType = sourcecode.swift; path = " Item.swift"; sourceTree = "<group>"; };
		32057F762741485E00A2EA7A /* ItemStore.swift */ = {isa = PBXFileReference; lastKnownFileType = sourcecode.swift; path = ItemStore.swift; sourceTree = "<group>"; };
		32D3E551274F78B0003DF048 /* DetailViewController.swift */ = {isa = PBXFileReference; lastKnownFileType = sourcecode.swift; path = DetailViewController.swift; sourceTree = "<group>"; };
		32FF2C1E274B6BBD005B8947 /*  ItemCell.swift */ = {isa = PBXFileReference; lastKnownFileType = sourcecode.swift; path = " ItemCell.swift"; sourceTree = "<group>"; };
/* End PBXFileReference section */

/* Begin PBXFrameworksBuildPhase section */
		32057F58274142CE00A2EA7A /* Frameworks */ = {
			isa = PBXFrameworksBuildPhase;
			buildActionMask = 2147483647;
			files = (
			);
			runOnlyForDeploymentPostprocessing = 0;
		};
/* End PBXFrameworksBuildPhase section */

/* Begin PBXGroup section */
		32057F52274142CE00A2EA7A = {
			isa = PBXGroup;
			children = (
				32057F5D274142CE00A2EA7A /* LootLogger */,
				32057F5C274142CE00A2EA7A /* Products */,
			);
			sourceTree = "<group>";
		};
		32057F5C274142CE00A2EA7A /* Products */ = {
			isa = PBXGroup;
			children = (
				32057F5B274142CE00A2EA7A /* LootLogger.app */,
			);
			name = Products;
			sourceTree = "<group>";
		};
		32057F5D274142CE00A2EA7A /* LootLogger */ = {
			isa = PBXGroup;
			children = (
				32057F792741489100A2EA7A /* Controllers */,
				32057F7A274148AE00A2EA7A /* Model */,
				32057F782741487A00A2EA7A /* Views */,
				32057F60274142CE00A2EA7A /* SceneDelegate.swift */,
				32057F64274142CE00A2EA7A /* Main.storyboard */,
				32057F67274142D000A2EA7A /* Assets.xcassets */,
				32057F69274142D000A2EA7A /* LaunchScreen.storyboard */,
				32057F6C274142D000A2EA7A /* Info.plist */,
			);
			path = LootLogger;
			sourceTree = "<group>";
		};
		32057F782741487A00A2EA7A /* Views */ = {
			isa = PBXGroup;
			children = (
			);
			path = Views;
			sourceTree = "<group>";
		};
		32057F792741489100A2EA7A /* Controllers */ = {
			isa = PBXGroup;
			children = (
				32057F722741449000A2EA7A /* ItemsViewController.swift */,
				32D3E551274F78B0003DF048 /* DetailViewController.swift */,
				32057F5E274142CE00A2EA7A /* AppDelegate.swift */,
			);
			path = Controllers;
			sourceTree = "<group>";
		};
		32057F7A274148AE00A2EA7A /* Model */ = {
			isa = PBXGroup;
			children = (
				32057F762741485E00A2EA7A /* ItemStore.swift */,
				32FF2C1E274B6BBD005B8947 /*  ItemCell.swift */,
				32057F742741460500A2EA7A /*  Item.swift */,
			);
			path = Model;
			sourceTree = "<group>";
		};
/* End PBXGroup section */

/* Begin PBXNativeTarget section */
		32057F5A274142CE00A2EA7A /* LootLogger */ = {
			isa = PBXNativeTarget;
			buildConfigurationList = 32057F6F274142D000A2EA7A /* Build configuration list for PBXNativeTarget "LootLogger" */;
			buildPhases = (
				32057F57274142CE00A2EA7A /* Sources */,
				32057F58274142CE00A2EA7A /* Frameworks */,
				32057F59274142CE00A2EA7A /* Resources */,
			);
			buildRules = (
			);
			dependencies = (
			);
			name = LootLogger;
			productName = LootLogger;
			productReference = 32057F5B274142CE00A2EA7A /* LootLogger.app */;
			productType = "com.apple.product-type.application";
		};
/* End PBXNativeTarget section */

/* Begin PBXProject section */
		32057F53274142CE00A2EA7A /* Project object */ = {
			isa = PBXProject;
			attributes = {
				BuildIndependentTargetsInParallel = 1;
				LastSwiftUpdateCheck = 1310;
				LastUpgradeCheck = 1310;
				TargetAttributes = {
					32057F5A274142CE00A2EA7A = {
						CreatedOnToolsVersion = 13.1;
					};
				};
			};
			buildConfigurationList = 32057F56274142CE00A2EA7A /* Build configuration list for PBXProject "LootLogger" */;
			compatibilityVersion = "Xcode 13.0";
			developmentRegion = en;
			hasScannedForEncodings = 0;
			knownRegions = (
				en,
				Base,
			);
			mainGroup = 32057F52274142CE00A2EA7A;
			productRefGroup = 32057F5C274142CE00A2EA7A /* Products */;
			projectDirPath = "";
			projectRoot = "";
			targets = (
				32057F5A274142CE00A2EA7A /* LootLogger */,
			);
		};
/* End PBXProject section */

/* Begin PBXResourcesBuildPhase section */
		32057F59274142CE00A2EA7A /* Resources */ = {
			isa = PBXResourcesBuildPhase;
			buildActionMask = 2147483647;
			files = (
				32057F6B274142D000A2EA7A /* LaunchScreen.storyboard in Resources */,
				32057F68274142D000A2EA7A /* Assets.xcassets in Resources */,
				32057F66274142CE00A2EA7A /* Main.storyboard in Resources */,
			);
			runOnlyForDeploymentPostprocessing = 0;
		};
/* End PBXResourcesBuildPhase section */

/* Begin PBXSourcesBuildPhase section */
		32057F57274142CE00A2EA7A /* Sources */ = {
			isa = PBXSourcesBuildPhase;
			buildActionMask = 2147483647;
			files = (
				32057F732741449000A2EA7A /* ItemsViewController.swift in Sources */,
				32FF2C1F274B6BBD005B8947 /*  ItemCell.swift in Sources */,
				32057F752741460500A2EA7A /*  Item.swift in Sources */,
				32057F5F274142CE00A2EA7A /* AppDelegate.swift in Sources */,
				32057F772741485E00A2EA7A /* ItemStore.swift in Sources */,
				32057F61274142CE00A2EA7A /* SceneDelegate.swift in Sources */,
				32D3E552274F78B0003DF048 /* DetailViewController.swift in Sources */,
			);
			runOnlyForDeploymentPostprocessing = 0;
		};
/* End PBXSourcesBuildPhase section */

/* Begin PBXVariantGroup section */
		32057F64274142CE00A2EA7A /* Main.storyboard */ = {
			isa = PBXVariantGroup;
			children = (
				32057F65274142CE00A2EA7A /* Base */,
			);
			name = Main.storyboard;
			sourceTree = "<group>";
		};
		32057F69274142D000A2EA7A /* LaunchScreen.storyboard */ = {
			isa = PBXVariantGroup;
			children = (
				32057F6A274142D000A2EA7A /* Base */,
			);
			name = LaunchScreen.storyboard;
			sourceTree = "<group>";
		};
/* End PBXVariantGroup section */

/* Begin XCBuildConfiguration section */
		32057F6D274142D000A2EA7A /* Debug */ = {
			isa = XCBuildConfiguration;
			buildSettings = {
				ALWAYS_SEARCH_USER_PATHS = NO;
				CLANG_ANALYZER_NONNULL = YES;
				CLANG_ANALYZER_NUMBER_OBJECT_CONVERSION = YES_AGGRESSIVE;
				CLANG_CXX_LANGUAGE_STANDARD = "gnu++17";
				CLANG_CXX_LIBRARY = "libc++";
				CLANG_ENABLE_MODULES = YES;
				CLANG_ENABLE_OBJC_ARC = YES;
				CLANG_ENABLE_OBJC_WEAK = YES;
				CLANG_WARN_BLOCK_CAPTURE_AUTORELEASING = YES;
				CLANG_WARN_BOOL_CONVERSION = YES;
				CLANG_WARN_COMMA = YES;
				CLANG_WARN_CONSTANT_CONVERSION = YES;
				CLANG_WARN_DEPRECATED_OBJC_IMPLEMENTATIONS = YES;
				CLANG_WARN_DIRECT_OBJC_ISA_USAGE = YES_ERROR;
				CLANG_WARN_DOCUMENTATION_COMMENTS = YES;
				CLANG_WARN_EMPTY_BODY = YES;
				CLANG_WARN_ENUM_CONVERSION = YES;
				CLANG_WARN_INFINITE_RECURSION = YES;
				CLANG_WARN_INT_CONVERSION = YES;
				CLANG_WARN_NON_LITERAL_NULL_CONVERSION = YES;
				CLANG_WARN_OBJC_IMPLICIT_RETAIN_SELF = YES;
				CLANG_WARN_OBJC_LITERAL_CONVERSION = YES;
				CLANG_WARN_OBJC_ROOT_CLASS = YES_ERROR;
				CLANG_WARN_QUOTED_INCLUDE_IN_FRAMEWORK_HEADER = YES;
				CLANG_WARN_RANGE_LOOP_ANALYSIS = YES;
				CLANG_WARN_STRICT_PROTOTYPES = YES;
				CLANG_WARN_SUSPICIOUS_MOVE = YES;
				CLANG_WARN_UNGUARDED_AVAILABILITY = YES_AGGRESSIVE;
				CLANG_WARN_UNREACHABLE_CODE = YES;
				CLANG_WARN__DUPLICATE_METHOD_MATCH = YES;
				COPY_PHASE_STRIP = NO;
				DEBUG_INFORMATION_FORMAT = dwarf;
				ENABLE_STRICT_OBJC_MSGSEND = YES;
				ENABLE_TESTABILITY = YES;
				GCC_C_LANGUAGE_STANDARD = gnu11;
				GCC_DYNAMIC_NO_PIC = NO;
				GCC_NO_COMMON_BLOCKS = YES;
				GCC_OPTIMIZATION_LEVEL = 0;
				GCC_PREPROCESSOR_DEFINITIONS = (
					"DEBUG=1",
					"$(inherited)",
				);
				GCC_WARN_64_TO_32_BIT_CONVERSION = YES;
				GCC_WARN_ABOUT_RETURN_TYPE = YES_ERROR;
				GCC_WARN_UNDECLARED_SELECTOR = YES;
				GCC_WARN_UNINITIALIZED_AUTOS = YES_AGGRESSIVE;
				GCC_WARN_UNUSED_FUNCTION = YES;
				GCC_WARN_UNUSED_VARIABLE = YES;
				IPHONEOS_DEPLOYMENT_TARGET = 15.0;
				MTL_ENABLE_DEBUG_INFO = INCLUDE_SOURCE;
				MTL_FAST_MATH = YES;
				ONLY_ACTIVE_ARCH = YES;
				SDKROOT = iphoneos;
				SWIFT_ACTIVE_COMPILATION_CONDITIONS = DEBUG;
				SWIFT_OPTIMIZATION_LEVEL = "-Onone";
			};
			name = Debug;
		};
		32057F6E274142D000A2EA7A /* Release */ = {
			isa = XCBuildConfiguration;
			buildSettings = {
				ALWAYS_SEARCH_USER_PATHS = NO;
				CLANG_ANALYZER_NONNULL = YES;
				CLANG_ANALYZER_NUMBER_OBJECT_CONVERSION = YES_AGGRESSIVE;
				CLANG_CXX_LANGUAGE_STANDARD = "gnu++17";
				CLANG_CXX_LIBRARY = "libc++";
				CLANG_ENABLE_MODULES = YES;
				CLANG_ENABLE_OBJC_ARC = YES;
				CLANG_ENABLE_OBJC_WEAK = YES;
				CLANG_WARN_BLOCK_CAPTURE_AUTORELEASING = YES;
				CLANG_WARN_BOOL_CONVERSION = YES;
				CLANG_WARN_COMMA = YES;
				CLANG_WARN_CONSTANT_CONVERSION = YES;
				CLANG_WARN_DEPRECATED_OBJC_IMPLEMENTATIONS = YES;
				CLANG_WARN_DIRECT_OBJC_ISA_USAGE = YES_ERROR;
				CLANG_WARN_DOCUMENTATION_COMMENTS = YES;
				CLANG_WARN_EMPTY_BODY = YES;
				CLANG_WARN_ENUM_CONVERSION = YES;
				CLANG_WARN_INFINITE_RECURSION = YES;
				CLANG_WARN_INT_CONVERSION = YES;
				CLANG_WARN_NON_LITERAL_NULL_CONVERSION = YES;
				CLANG_WARN_OBJC_IMPLICIT_RETAIN_SELF = YES;
				CLANG_WARN_OBJC_LITERAL_CONVERSION = YES;
				CLANG_WARN_OBJC_ROOT_CLASS = YES_ERROR;
				CLANG_WARN_QUOTED_INCLUDE_IN_FRAMEWORK_HEADER = YES;
				CLANG_WARN_RANGE_LOOP_ANALYSIS = YES;
				CLANG_WARN_STRICT_PROTOTYPES = YES;
				CLANG_WARN_SUSPICIOUS_MOVE = YES;
				CLANG_WARN_UNGUARDED_AVAILABILITY = YES_AGGRESSIVE;
				CLANG_WARN_UNREACHABLE_CODE = YES;
				CLANG_WARN__DUPLICATE_METHOD_MATCH = YES;
				COPY_PHASE_STRIP = NO;
				DEBUG_INFORMATION_FORMAT = "dwarf-with-dsym";
				ENABLE_NS_ASSERTIONS = NO;
				ENABLE_STRICT_OBJC_MSGSEND = YES;
				GCC_C_LANGUAGE_STANDARD = gnu11;
				GCC_NO_COMMON_BLOCKS = YES;
				GCC_WARN_64_TO_32_BIT_CONVERSION = YES;
				GCC_WARN_ABOUT_RETURN_TYPE = YES_ERROR;
				GCC_WARN_UNDECLARED_SELECTOR = YES;
				GCC_WARN_UNINITIALIZED_AUTOS = YES_AGGRESSIVE;
				GCC_WARN_UNUSED_FUNCTION = YES;
				GCC_WARN_UNUSED_VARIABLE = YES;
				IPHONEOS_DEPLOYMENT_TARGET = 15.0;
				MTL_ENABLE_DEBUG_INFO = NO;
				MTL_FAST_MATH = YES;
				SDKROOT = iphoneos;
				SWIFT_COMPILATION_MODE = wholemodule;
				SWIFT_OPTIMIZATION_LEVEL = "-O";
				VALIDATE_PRODUCT = YES;
			};
			name = Release;
		};
		32057F70274142D000A2EA7A /* Debug */ = {
			isa = XCBuildConfiguration;
			buildSettings = {
				ASSETCATALOG_COMPILER_APPICON_NAME = AppIcon;
				ASSETCATALOG_COMPILER_GLOBAL_ACCENT_COLOR_NAME = AccentColor;
				CODE_SIGN_STYLE = Automatic;
				CURRENT_PROJECT_VERSION = 1;
				DEVELOPMENT_TEAM = Z5L25FKK3Q;
				GENERATE_INFOPLIST_FILE = YES;
				INFOPLIST_FILE = LootLogger/Info.plist;
				INFOPLIST_KEY_NSCameraUsageDescription = "This app uses the camera to associate photos with";
				INFOPLIST_KEY_UIApplicationSupportsIndirectInputEvents = YES;
				INFOPLIST_KEY_UILaunchStoryboardName = LaunchScreen;
				INFOPLIST_KEY_UIMainStoryboardFile = Main;
				INFOPLIST_KEY_UISupportedInterfaceOrientations_iPad = "UIInterfaceOrientationPortrait UIInterfaceOrientationPortraitUpsideDown UIInterfaceOrientationLandscapeLeft UIInterfaceOrientationLandscapeRight";
				INFOPLIST_KEY_UISupportedInterfaceOrientations_iPhone = "UIInterfaceOrientationPortrait UIInterfaceOrientationLandscapeLeft UIInterfaceOrientationLandscapeRight";
				LD_RUNPATH_SEARCH_PATHS = (
					"$(inherited)",
					"@executable_path/Frameworks",
				);
				MARKETING_VERSION = 1.0;
				PRODUCT_BUNDLE_IDENTIFIER = com.hajar.LootLogger;
				PRODUCT_NAME = "$(TARGET_NAME)";
				SWIFT_EMIT_LOC_STRINGS = YES;
				SWIFT_VERSION = 5.0;
				TARGETED_DEVICE_FAMILY = "1,2";
			};
			name = Debug;
		};
		32057F71274142D000A2EA7A /* Release */ = {
			isa = XCBuildConfiguration;
			buildSettings = {
				ASSETCATALOG_COMPILER_APPICON_NAME = AppIcon;
				ASSETCATALOG_COMPILER_GLOBAL_ACCENT_COLOR_NAME = AccentColor;
				CODE_SIGN_STYLE = Automatic;
				CURRENT_PROJECT_VERSION = 1;
				DEVELOPMENT_TEAM = Z5L25FKK3Q;
				GENERATE_INFOPLIST_FILE = YES;
				INFOPLIST_FILE = LootLogger/Info.plist;
				INFOPLIST_KEY_NSCameraUsageDescription = "This app uses the camera to associate photos with";
				INFOPLIST_KEY_UIApplicationSupportsIndirectInputEvents = YES;
				INFOPLIST_KEY_UILaunchStoryboardName = LaunchScreen;
				INFOPLIST_KEY_UIMainStoryboardFile = Main;
				INFOPLIST_KEY_UISupportedInterfaceOrientations_iPad = "UIInterfaceOrientationPortrait UIInterfaceOrientationPortraitUpsideDown UIInterfaceOrientationLandscapeLeft UIInterfaceOrientationLandscapeRight";
				INFOPLIST_KEY_UISupportedInterfaceOrientations_iPhone = "UIInterfaceOrientationPortrait UIInterfaceOrientationLandscapeLeft UIInterfaceOrientationLandscapeRight";
				LD_RUNPATH_SEARCH_PATHS = (
					"$(inherited)",
					"@executable_path/Frameworks",
				);
				MARKETING_VERSION = 1.0;
				PRODUCT_BUNDLE_IDENTIFIER = com.hajar.LootLogger;
				PRODUCT_NAME = "$(TARGET_NAME)";
				SWIFT_EMIT_LOC_STRINGS = YES;
				SWIFT_VERSION = 5.0;
				TARGETED_DEVICE_FAMILY = "1,2";
			};
			name = Release;
		};
/* End XCBuildConfiguration section */

/* Begin XCConfigurationList section */
		32057F56274142CE00A2EA7A /* Build configuration list for PBXProject "LootLogger" */ = {
			isa = XCConfigurationList;
			buildConfigurations = (
				32057F6D274142D000A2EA7A /* Debug */,
				32057F6E274142D000A2EA7A /* Release */,
			);
			defaultConfigurationIsVisible = 0;
			defaultConfigurationName = Release;
		};
		32057F6F274142D000A2EA7A /* Build configuration list for PBXNativeTarget "LootLogger" */ = {
			isa = XCConfigurationList;
			buildConfigurations = (
				32057F70274142D000A2EA7A /* Debug */,
				32057F71274142D000A2EA7A /* Release */,
			);
			defaultConfigurationIsVisible = 0;
			defaultConfigurationName = Release;
		};
/* End XCConfigurationList section */
	};
	rootObject = 32057F53274142CE00A2EA7A /* Project object */;
}
