// !$*UTF8*$!
{
	archiveVersion = 1;
	classes = {
	};
	objectVersion = 55;
	objects = {

/* Begin PBXBuildFile section */
		AE0AA64E274283D600AB43AB /* ItemsViewController.swift in Sources */ = {isa = PBXBuildFile; fileRef = AE0AA64D274283D600AB43AB /* ItemsViewController.swift */; };
		AE38FF4B274E0D4300AF1429 /* ItemCell.swift in Sources */ = {isa = PBXBuildFile; fileRef = AE38FF4A274E0D4300AF1429 /* ItemCell.swift */; };
		AE4826E427414240000A0209 /* AppDelegate.swift in Sources */ = {isa = PBXBuildFile; fileRef = AE4826E327414240000A0209 /* AppDelegate.swift */; };
		AE4826E627414240000A0209 /* SceneDelegate.swift in Sources */ = {isa = PBXBuildFile; fileRef = AE4826E527414240000A0209 /* SceneDelegate.swift */; };
		AE4826EB27414240000A0209 /* Main.storyboard in Resources */ = {isa = PBXBuildFile; fileRef = AE4826E927414240000A0209 /* Main.storyboard */; };
		AE4826ED27414243000A0209 /* Assets.xcassets in Resources */ = {isa = PBXBuildFile; fileRef = AE4826EC27414243000A0209 /* Assets.xcassets */; };
		AE4826F027414243000A0209 /* LaunchScreen.storyboard in Resources */ = {isa = PBXBuildFile; fileRef = AE4826EE27414243000A0209 /* LaunchScreen.storyboard */; };
		AE626D03274233E8005A2EFC /* item.swift in Sources */ = {isa = PBXBuildFile; fileRef = AE626D02274233E8005A2EFC /* item.swift */; };
		AE626D0727423EDD005A2EFC /* ItemStore.swift in Sources */ = {isa = PBXBuildFile; fileRef = AE626D0627423EDD005A2EFC /* ItemStore.swift */; };
		AE62C5A8274FC5EE00B4352B /* DetailViewController.swift in Sources */ = {isa = PBXBuildFile; fileRef = AE62C5A7274FC5EE00B4352B /* DetailViewController.swift */; };
/* End PBXBuildFile section */

/* Begin PBXFileReference section */
		AE0AA64D274283D600AB43AB /* ItemsViewController.swift */ = {isa = PBXFileReference; lastKnownFileType = sourcecode.swift; path = ItemsViewController.swift; sourceTree = "<group>"; };
		AE38FF4A274E0D4300AF1429 /* ItemCell.swift */ = {isa = PBXFileReference; lastKnownFileType = sourcecode.swift; path = ItemCell.swift; sourceTree = "<group>"; };
		AE4826E027414240000A0209 /* prototype-table-Reema.Mousa.app */ = {isa = PBXFileReference; explicitFileType = wrapper.application; includeInIndex = 0; path = "prototype-table-Reema.Mousa.app"; sourceTree = BUILT_PRODUCTS_DIR; };
		AE4826E327414240000A0209 /* AppDelegate.swift */ = {isa = PBXFileReference; lastKnownFileType = sourcecode.swift; path = AppDelegate.swift; sourceTree = "<group>"; };
		AE4826E527414240000A0209 /* SceneDelegate.swift */ = {isa = PBXFileReference; lastKnownFileType = sourcecode.swift; path = SceneDelegate.swift; sourceTree = "<group>"; };
		AE4826EA27414240000A0209 /* Base */ = {isa = PBXFileReference; lastKnownFileType = file.storyboard; name = Base; path = Base.lproj/Main.storyboard; sourceTree = "<group>"; };
		AE4826EC27414243000A0209 /* Assets.xcassets */ = {isa = PBXFileReference; lastKnownFileType = folder.assetcatalog; path = Assets.xcassets; sourceTree = "<group>"; };
		AE4826EF27414243000A0209 /* Base */ = {isa = PBXFileReference; lastKnownFileType = file.storyboard; name = Base; path = Base.lproj/LaunchScreen.storyboard; sourceTree = "<group>"; };
		AE4826F127414243000A0209 /* Info.plist */ = {isa = PBXFileReference; lastKnownFileType = text.plist.xml; path = Info.plist; sourceTree = "<group>"; };
		AE626D02274233E8005A2EFC /* item.swift */ = {isa = PBXFileReference; indentWidth = 2; lastKnownFileType = sourcecode.swift; path = item.swift; sourceTree = "<group>"; };
		AE626D0627423EDD005A2EFC /* ItemStore.swift */ = {isa = PBXFileReference; lastKnownFileType = sourcecode.swift; path = ItemStore.swift; sourceTree = "<group>"; };
		AE62C5A7274FC5EE00B4352B /* DetailViewController.swift */ = {isa = PBXFileReference; lastKnownFileType = sourcecode.swift; path = DetailViewController.swift; sourceTree = "<group>"; };
/* End PBXFileReference section */

/* Begin PBXFrameworksBuildPhase section */
		AE4826DD27414240000A0209 /* Frameworks */ = {
			isa = PBXFrameworksBuildPhase;
			buildActionMask = 2147483647;
			files = (
			);
			runOnlyForDeploymentPostprocessing = 0;
		};
/* End PBXFrameworksBuildPhase section */

/* Begin PBXGroup section */
		AE4826D727414240000A0209 = {
			isa = PBXGroup;
			children = (
				AE4826E227414240000A0209 /* prototype-table-Reema.Mousa */,
				AE4826E127414240000A0209 /* Products */,
			);
			sourceTree = "<group>";
		};
		AE4826E127414240000A0209 /* Products */ = {
			isa = PBXGroup;
			children = (
				AE4826E027414240000A0209 /* prototype-table-Reema.Mousa.app */,
			);
			name = Products;
			sourceTree = "<group>";
		};
		AE4826E227414240000A0209 /* prototype-table-Reema.Mousa */ = {
			isa = PBXGroup;
			children = (
				AE4826E327414240000A0209 /* AppDelegate.swift */,
				AE4826E527414240000A0209 /* SceneDelegate.swift */,
				AE0AA64D274283D600AB43AB /* ItemsViewController.swift */,
				AE626D02274233E8005A2EFC /* item.swift */,
				AE626D0627423EDD005A2EFC /* ItemStore.swift */,
				AE38FF4A274E0D4300AF1429 /* ItemCell.swift */,
				AE62C5A7274FC5EE00B4352B /* DetailViewController.swift */,
				AE4826E927414240000A0209 /* Main.storyboard */,
				AE4826EC27414243000A0209 /* Assets.xcassets */,
				AE4826EE27414243000A0209 /* LaunchScreen.storyboard */,
				AE4826F127414243000A0209 /* Info.plist */,
			);
			path = "prototype-table-Reema.Mousa";
			sourceTree = "<group>";
		};
/* End PBXGroup section */

/* Begin PBXNativeTarget section */
		AE4826DF27414240000A0209 /* prototype-table-Reema.Mousa */ = {
			isa = PBXNativeTarget;
			buildConfigurationList = AE4826F427414243000A0209 /* Build configuration list for PBXNativeTarget "prototype-table-Reema.Mousa" */;
			buildPhases = (
				AE4826DC27414240000A0209 /* Sources */,
				AE4826DD27414240000A0209 /* Frameworks */,
				AE4826DE27414240000A0209 /* Resources */,
			);
			buildRules = (
			);
			dependencies = (
			);
			name = "prototype-table-Reema.Mousa";
			productName = "prototype-table-Reema.Mousa";
			productReference = AE4826E027414240000A0209 /* prototype-table-Reema.Mousa.app */;
			productType = "com.apple.product-type.application";
		};
/* End PBXNativeTarget section */

/* Begin PBXProject section */
		AE4826D827414240000A0209 /* Project object */ = {
			isa = PBXProject;
			attributes = {
				BuildIndependentTargetsInParallel = 1;
				LastSwiftUpdateCheck = 1310;
				LastUpgradeCheck = 1310;
				TargetAttributes = {
					AE4826DF27414240000A0209 = {
						CreatedOnToolsVersion = 13.1;
					};
				};
			};
			buildConfigurationList = AE4826DB27414240000A0209 /* Build configuration list for PBXProject "prototype-table-Reema.Mousa" */;
			compatibilityVersion = "Xcode 13.0";
			developmentRegion = en;
			hasScannedForEncodings = 0;
			knownRegions = (
				en,
				Base,
			);
			mainGroup = AE4826D727414240000A0209;
			productRefGroup = AE4826E127414240000A0209 /* Products */;
			projectDirPath = "";
			projectRoot = "";
			targets = (
				AE4826DF27414240000A0209 /* prototype-table-Reema.Mousa */,
			);
		};
/* End PBXProject section */

/* Begin PBXResourcesBuildPhase section */
		AE4826DE27414240000A0209 /* Resources */ = {
			isa = PBXResourcesBuildPhase;
			buildActionMask = 2147483647;
			files = (
				AE4826F027414243000A0209 /* LaunchScreen.storyboard in Resources */,
				AE4826ED27414243000A0209 /* Assets.xcassets in Resources */,
				AE4826EB27414240000A0209 /* Main.storyboard in Resources */,
			);
			runOnlyForDeploymentPostprocessing = 0;
		};
/* End PBXResourcesBuildPhase section */

/* Begin PBXSourcesBuildPhase section */
		AE4826DC27414240000A0209 /* Sources */ = {
			isa = PBXSourcesBuildPhase;
			buildActionMask = 2147483647;
			files = (
				AE0AA64E274283D600AB43AB /* ItemsViewController.swift in Sources */,
				AE4826E427414240000A0209 /* AppDelegate.swift in Sources */,
				AE38FF4B274E0D4300AF1429 /* ItemCell.swift in Sources */,
				AE626D0727423EDD005A2EFC /* ItemStore.swift in Sources */,
				AE626D03274233E8005A2EFC /* item.swift in Sources */,
				AE4826E627414240000A0209 /* SceneDelegate.swift in Sources */,
				AE62C5A8274FC5EE00B4352B /* DetailViewController.swift in Sources */,
			);
			runOnlyForDeploymentPostprocessing = 0;
		};
/* End PBXSourcesBuildPhase section */

/* Begin PBXVariantGroup section */
		AE4826E927414240000A0209 /* Main.storyboard */ = {
			isa = PBXVariantGroup;
			children = (
				AE4826EA27414240000A0209 /* Base */,
			);
			name = Main.storyboard;
			sourceTree = "<group>";
		};
		AE4826EE27414243000A0209 /* LaunchScreen.storyboard */ = {
			isa = PBXVariantGroup;
			children = (
				AE4826EF27414243000A0209 /* Base */,
			);
			name = LaunchScreen.storyboard;
			sourceTree = "<group>";
		};
/* End PBXVariantGroup section */

/* Begin XCBuildConfiguration section */
		AE4826F227414243000A0209 /* Debug */ = {
			isa = XCBuildConfiguration;
			buildSettings = {
				ALWAYS_SEARCH_USER_PATHS = NO;
				CLANG_ANALYZER_NONNULL = YES;
				CLANG_ANALYZER_NUMBER_OBJECT_CONVERSION = YES_AGGRESSIVE;
				CLANG_CXX_LANGUAGE_STANDARD = "gnu++17";
				CLANG_CXX_LIBRARY = "libc++";
				CLANG_ENABLE_MODULES = YES;
				CLANG_ENABLE_OBJC_ARC = YES;
				CLANG_ENABLE_OBJC_WEAK = YES;
				CLANG_WARN_BLOCK_CAPTURE_AUTORELEASING = YES;
				CLANG_WARN_BOOL_CONVERSION = YES;
				CLANG_WARN_COMMA = YES;
				CLANG_WARN_CONSTANT_CONVERSION = YES;
				CLANG_WARN_DEPRECATED_OBJC_IMPLEMENTATIONS = YES;
				CLANG_WARN_DIRECT_OBJC_ISA_USAGE = YES_ERROR;
				CLANG_WARN_DOCUMENTATION_COMMENTS = YES;
				CLANG_WARN_EMPTY_BODY = YES;
				CLANG_WARN_ENUM_CONVERSION = YES;
				CLANG_WARN_INFINITE_RECURSION = YES;
				CLANG_WARN_INT_CONVERSION = YES;
				CLANG_WARN_NON_LITERAL_NULL_CONVERSION = YES;
				CLANG_WARN_OBJC_IMPLICIT_RETAIN_SELF = YES;
				CLANG_WARN_OBJC_LITERAL_CONVERSION = YES;
				CLANG_WARN_OBJC_ROOT_CLASS = YES_ERROR;
				CLANG_WARN_QUOTED_INCLUDE_IN_FRAMEWORK_HEADER = YES;
				CLANG_WARN_RANGE_LOOP_ANALYSIS = YES;
				CLANG_WARN_STRICT_PROTOTYPES = YES;
				CLANG_WARN_SUSPICIOUS_MOVE = YES;
				CLANG_WARN_UNGUARDED_AVAILABILITY = YES_AGGRESSIVE;
				CLANG_WARN_UNREACHABLE_CODE = YES;
				CLANG_WARN__DUPLICATE_METHOD_MATCH = YES;
				COPY_PHASE_STRIP = NO;
				DEBUG_INFORMATION_FORMAT = dwarf;
				ENABLE_STRICT_OBJC_MSGSEND = YES;
				ENABLE_TESTABILITY = YES;
				GCC_C_LANGUAGE_STANDARD = gnu11;
				GCC_DYNAMIC_NO_PIC = NO;
				GCC_NO_COMMON_BLOCKS = YES;
				GCC_OPTIMIZATION_LEVEL = 0;
				GCC_PREPROCESSOR_DEFINITIONS = (
					"DEBUG=1",
					"$(inherited)",
				);
				GCC_WARN_64_TO_32_BIT_CONVERSION = YES;
				GCC_WARN_ABOUT_RETURN_TYPE = YES_ERROR;
				GCC_WARN_UNDECLARED_SELECTOR = YES;
				GCC_WARN_UNINITIALIZED_AUTOS = YES_AGGRESSIVE;
				GCC_WARN_UNUSED_FUNCTION = YES;
				GCC_WARN_UNUSED_VARIABLE = YES;
				IPHONEOS_DEPLOYMENT_TARGET = 15.0;
				MTL_ENABLE_DEBUG_INFO = INCLUDE_SOURCE;
				MTL_FAST_MATH = YES;
				ONLY_ACTIVE_ARCH = YES;
				SDKROOT = iphoneos;
				SWIFT_ACTIVE_COMPILATION_CONDITIONS = DEBUG;
				SWIFT_OPTIMIZATION_LEVEL = "-Onone";
			};
			name = Debug;
		};
		AE4826F327414243000A0209 /* Release */ = {
			isa = XCBuildConfiguration;
			buildSettings = {
				ALWAYS_SEARCH_USER_PATHS = NO;
				CLANG_ANALYZER_NONNULL = YES;
				CLANG_ANALYZER_NUMBER_OBJECT_CONVERSION = YES_AGGRESSIVE;
				CLANG_CXX_LANGUAGE_STANDARD = "gnu++17";
				CLANG_CXX_LIBRARY = "libc++";
				CLANG_ENABLE_MODULES = YES;
				CLANG_ENABLE_OBJC_ARC = YES;
				CLANG_ENABLE_OBJC_WEAK = YES;
				CLANG_WARN_BLOCK_CAPTURE_AUTORELEASING = YES;
				CLANG_WARN_BOOL_CONVERSION = YES;
				CLANG_WARN_COMMA = YES;
				CLANG_WARN_CONSTANT_CONVERSION = YES;
				CLANG_WARN_DEPRECATED_OBJC_IMPLEMENTATIONS = YES;
				CLANG_WARN_DIRECT_OBJC_ISA_USAGE = YES_ERROR;
				CLANG_WARN_DOCUMENTATION_COMMENTS = YES;
				CLANG_WARN_EMPTY_BODY = YES;
				CLANG_WARN_ENUM_CONVERSION = YES;
				CLANG_WARN_INFINITE_RECURSION = YES;
				CLANG_WARN_INT_CONVERSION = YES;
				CLANG_WARN_NON_LITERAL_NULL_CONVERSION = YES;
				CLANG_WARN_OBJC_IMPLICIT_RETAIN_SELF = YES;
				CLANG_WARN_OBJC_LITERAL_CONVERSION = YES;
				CLANG_WARN_OBJC_ROOT_CLASS = YES_ERROR;
				CLANG_WARN_QUOTED_INCLUDE_IN_FRAMEWORK_HEADER = YES;
				CLANG_WARN_RANGE_LOOP_ANALYSIS = YES;
				CLANG_WARN_STRICT_PROTOTYPES = YES;
				CLANG_WARN_SUSPICIOUS_MOVE = YES;
				CLANG_WARN_UNGUARDED_AVAILABILITY = YES_AGGRESSIVE;
				CLANG_WARN_UNREACHABLE_CODE = YES;
				CLANG_WARN__DUPLICATE_METHOD_MATCH = YES;
				COPY_PHASE_STRIP = NO;
				DEBUG_INFORMATION_FORMAT = "dwarf-with-dsym";
				ENABLE_NS_ASSERTIONS = NO;
				ENABLE_STRICT_OBJC_MSGSEND = YES;
				GCC_C_LANGUAGE_STANDARD = gnu11;
				GCC_NO_COMMON_BLOCKS = YES;
				GCC_WARN_64_TO_32_BIT_CONVERSION = YES;
				GCC_WARN_ABOUT_RETURN_TYPE = YES_ERROR;
				GCC_WARN_UNDECLARED_SELECTOR = YES;
				GCC_WARN_UNINITIALIZED_AUTOS = YES_AGGRESSIVE;
				GCC_WARN_UNUSED_FUNCTION = YES;
				GCC_WARN_UNUSED_VARIABLE = YES;
				IPHONEOS_DEPLOYMENT_TARGET = 15.0;
				MTL_ENABLE_DEBUG_INFO = NO;
				MTL_FAST_MATH = YES;
				SDKROOT = iphoneos;
				SWIFT_COMPILATION_MODE = wholemodule;
				SWIFT_OPTIMIZATION_LEVEL = "-O";
				VALIDATE_PRODUCT = YES;
			};
			name = Release;
		};
		AE4826F527414243000A0209 /* Debug */ = {
			isa = XCBuildConfiguration;
			buildSettings = {
				ASSETCATALOG_COMPILER_APPICON_NAME = AppIcon;
				ASSETCATALOG_COMPILER_GLOBAL_ACCENT_COLOR_NAME = AccentColor;
				CODE_SIGN_STYLE = Automatic;
				CURRENT_PROJECT_VERSION = 1;
				DEVELOPMENT_TEAM = AQQ2YBW9F8;
				GENERATE_INFOPLIST_FILE = YES;
				INFOPLIST_FILE = "prototype-table-Reema.Mousa/Info.plist";
				INFOPLIST_KEY_UIApplicationSupportsIndirectInputEvents = YES;
				INFOPLIST_KEY_UILaunchStoryboardName = LaunchScreen;
				INFOPLIST_KEY_UIMainStoryboardFile = Main;
				INFOPLIST_KEY_UISupportedInterfaceOrientations_iPad = "UIInterfaceOrientationPortrait UIInterfaceOrientationPortraitUpsideDown UIInterfaceOrientationLandscapeLeft UIInterfaceOrientationLandscapeRight";
				INFOPLIST_KEY_UISupportedInterfaceOrientations_iPhone = "UIInterfaceOrientationPortrait UIInterfaceOrientationLandscapeLeft UIInterfaceOrientationLandscapeRight";
				LD_RUNPATH_SEARCH_PATHS = (
					"$(inherited)",
					"@executable_path/Frameworks",
				);
				MARKETING_VERSION = 1.0;
				PRODUCT_BUNDLE_IDENTIFIER = "reema.com.prototype-table-Reema-Mousa";
				PRODUCT_NAME = "$(TARGET_NAME)";
				SWIFT_EMIT_LOC_STRINGS = YES;
				SWIFT_VERSION = 5.0;
				TARGETED_DEVICE_FAMILY = "1,2";
			};
			name = Debug;
		};
		AE4826F627414243000A0209 /* Release */ = {
			isa = XCBuildConfiguration;
			buildSettings = {
				ASSETCATALOG_COMPILER_APPICON_NAME = AppIcon;
				ASSETCATALOG_COMPILER_GLOBAL_ACCENT_COLOR_NAME = AccentColor;
				CODE_SIGN_STYLE = Automatic;
				CURRENT_PROJECT_VERSION = 1;
				DEVELOPMENT_TEAM = AQQ2YBW9F8;
				GENERATE_INFOPLIST_FILE = YES;
				INFOPLIST_FILE = "prototype-table-Reema.Mousa/Info.plist";
				INFOPLIST_KEY_UIApplicationSupportsIndirectInputEvents = YES;
				INFOPLIST_KEY_UILaunchStoryboardName = LaunchScreen;
				INFOPLIST_KEY_UIMainStoryboardFile = Main;
				INFOPLIST_KEY_UISupportedInterfaceOrientations_iPad = "UIInterfaceOrientationPortrait UIInterfaceOrientationPortraitUpsideDown UIInterfaceOrientationLandscapeLeft UIInterfaceOrientationLandscapeRight";
				INFOPLIST_KEY_UISupportedInterfaceOrientations_iPhone = "UIInterfaceOrientationPortrait UIInterfaceOrientationLandscapeLeft UIInterfaceOrientationLandscapeRight";
				LD_RUNPATH_SEARCH_PATHS = (
					"$(inherited)",
					"@executable_path/Frameworks",
				);
				MARKETING_VERSION = 1.0;
				PRODUCT_BUNDLE_IDENTIFIER = "reema.com.prototype-table-Reema-Mousa";
				PRODUCT_NAME = "$(TARGET_NAME)";
				SWIFT_EMIT_LOC_STRINGS = YES;
				SWIFT_VERSION = 5.0;
				TARGETED_DEVICE_FAMILY = "1,2";
			};
			name = Release;
		};
/* End XCBuildConfiguration section */

/* Begin XCConfigurationList section */
		AE4826DB27414240000A0209 /* Build configuration list for PBXProject "prototype-table-Reema.Mousa" */ = {
			isa = XCConfigurationList;
			buildConfigurations = (
				AE4826F227414243000A0209 /* Debug */,
				AE4826F327414243000A0209 /* Release */,
			);
			defaultConfigurationIsVisible = 0;
			defaultConfigurationName = Release;
		};
		AE4826F427414243000A0209 /* Build configuration list for PBXNativeTarget "prototype-table-Reema.Mousa" */ = {
			isa = XCConfigurationList;
			buildConfigurations = (
				AE4826F527414243000A0209 /* Debug */,
				AE4826F627414243000A0209 /* Release */,
			);
			defaultConfigurationIsVisible = 0;
			defaultConfigurationName = Release;
		};
/* End XCConfigurationList section */
	};
	rootObject = AE4826D827414240000A0209 /* Project object */;
}
