// !$*UTF8*$!
{
	archiveVersion = 1;
	classes = {
	};
	objectVersion = 50;
	objects = {

/* Begin PBXBuildFile section */
		CA0E62FA274F775B003A7F6D /* DetailViewControl.swift in Sources */ = {isa = PBXBuildFile; fileRef = CA0E62F9274F775B003A7F6D /* DetailViewControl.swift */; };
		CA163AE02758DB3B007396E3 /* RuntimeError.swift in Sources */ = {isa = PBXBuildFile; fileRef = CA163ADF2758DB3B007396E3 /* RuntimeError.swift */; };
		CA352CD0274141F9000E40D7 /* AppDelegate.swift in Sources */ = {isa = PBXBuildFile; fileRef = CA352CCF274141F9000E40D7 /* AppDelegate.swift */; };
		CA352CD2274141F9000E40D7 /* SceneDelegate.swift in Sources */ = {isa = PBXBuildFile; fileRef = CA352CD1274141F9000E40D7 /* SceneDelegate.swift */; };
		CA352CD7274141F9000E40D7 /* Main.storyboard in Resources */ = {isa = PBXBuildFile; fileRef = CA352CD5274141F9000E40D7 /* Main.storyboard */; };
		CA352CD9274141FA000E40D7 /* Assets.xcassets in Resources */ = {isa = PBXBuildFile; fileRef = CA352CD8274141FA000E40D7 /* Assets.xcassets */; };
		CA352CDC274141FA000E40D7 /* LaunchScreen.storyboard in Resources */ = {isa = PBXBuildFile; fileRef = CA352CDA274141FA000E40D7 /* LaunchScreen.storyboard */; };
		CA352CE52741421B000E40D7 /* ItemsViewsController.swift in Sources */ = {isa = PBXBuildFile; fileRef = CA352CE42741421B000E40D7 /* ItemsViewsController.swift */; };
		CA352CE7274143A7000E40D7 /* ItemClass.swift in Sources */ = {isa = PBXBuildFile; fileRef = CA352CE6274143A7000E40D7 /* ItemClass.swift */; };
		CA352CEC2742355D000E40D7 /* ItemsStore.swift in Sources */ = {isa = PBXBuildFile; fileRef = CA352CEB2742355D000E40D7 /* ItemsStore.swift */; };
		CA94066F274B7274000788D8 /* ItemCell.swift in Sources */ = {isa = PBXBuildFile; fileRef = CA94066E274B7274000788D8 /* ItemCell.swift */; };
		CABB75002750047F00F08A6D /* ModifyDateController.swift in Sources */ = {isa = PBXBuildFile; fileRef = CABB74FF2750047F00F08A6D /* ModifyDateController.swift */; };
		CADF92AD274FB58100CD72F6 /* UITextField+Extensions.swift in Sources */ = {isa = PBXBuildFile; fileRef = CADF92AC274FB58100CD72F6 /* UITextField+Extensions.swift */; };
/* End PBXBuildFile section */

/* Begin PBXFileReference section */
		CA0E62F9274F775B003A7F6D /* DetailViewControl.swift */ = {isa = PBXFileReference; lastKnownFileType = sourcecode.swift; path = DetailViewControl.swift; sourceTree = "<group>"; };
		CA163ADF2758DB3B007396E3 /* RuntimeError.swift */ = {isa = PBXFileReference; fileEncoding = 4; lastKnownFileType = sourcecode.swift; path = RuntimeError.swift; sourceTree = "<group>"; };
		CA352CCC274141F9000E40D7 /* LootLogger- itr1- Aisha Ali.app */ = {isa = PBXFileReference; explicitFileType = wrapper.application; includeInIndex = 0; path = "LootLogger- itr1- Aisha Ali.app"; sourceTree = BUILT_PRODUCTS_DIR; };
		CA352CCF274141F9000E40D7 /* AppDelegate.swift */ = {isa = PBXFileReference; lastKnownFileType = sourcecode.swift; path = AppDelegate.swift; sourceTree = "<group>"; };
		CA352CD1274141F9000E40D7 /* SceneDelegate.swift */ = {isa = PBXFileReference; lastKnownFileType = sourcecode.swift; path = SceneDelegate.swift; sourceTree = "<group>"; };
		CA352CD6274141F9000E40D7 /* Base */ = {isa = PBXFileReference; lastKnownFileType = file.storyboard; name = Base; path = Base.lproj/Main.storyboard; sourceTree = "<group>"; };
		CA352CD8274141FA000E40D7 /* Assets.xcassets */ = {isa = PBXFileReference; lastKnownFileType = folder.assetcatalog; path = Assets.xcassets; sourceTree = "<group>"; };
		CA352CDB274141FA000E40D7 /* Base */ = {isa = PBXFileReference; lastKnownFileType = file.storyboard; name = Base; path = Base.lproj/LaunchScreen.storyboard; sourceTree = "<group>"; };
		CA352CDD274141FA000E40D7 /* Info.plist */ = {isa = PBXFileReference; lastKnownFileType = text.plist.xml; path = Info.plist; sourceTree = "<group>"; };
		CA352CE42741421B000E40D7 /* ItemsViewsController.swift */ = {isa = PBXFileReference; lastKnownFileType = sourcecode.swift; path = ItemsViewsController.swift; sourceTree = "<group>"; };
		CA352CE6274143A7000E40D7 /* ItemClass.swift */ = {isa = PBXFileReference; lastKnownFileType = sourcecode.swift; path = ItemClass.swift; sourceTree = "<group>"; };
		CA352CEB2742355D000E40D7 /* ItemsStore.swift */ = {isa = PBXFileReference; lastKnownFileType = sourcecode.swift; path = ItemsStore.swift; sourceTree = "<group>"; };
		CA94066E274B7274000788D8 /* ItemCell.swift */ = {isa = PBXFileReference; lastKnownFileType = sourcecode.swift; path = ItemCell.swift; sourceTree = "<group>"; };
		CABB74FF2750047F00F08A6D /* ModifyDateController.swift */ = {isa = PBXFileReference; lastKnownFileType = sourcecode.swift; path = ModifyDateController.swift; sourceTree = "<group>"; };
		CADF92AC274FB58100CD72F6 /* UITextField+Extensions.swift */ = {isa = PBXFileReference; fileEncoding = 4; lastKnownFileType = sourcecode.swift; path = "UITextField+Extensions.swift"; sourceTree = "<group>"; };
/* End PBXFileReference section */

/* Begin PBXFrameworksBuildPhase section */
		CA352CC9274141F9000E40D7 /* Frameworks */ = {
			isa = PBXFrameworksBuildPhase;
			buildActionMask = 2147483647;
			files = (
			);
			runOnlyForDeploymentPostprocessing = 0;
		};
/* End PBXFrameworksBuildPhase section */

/* Begin PBXGroup section */
		CA163ADE2758DB1D007396E3 /* Error Handling */ = {
			isa = PBXGroup;
			children = (
				CA163ADF2758DB3B007396E3 /* RuntimeError.swift */,
			);
			path = "Error Handling";
			sourceTree = "<group>";
		};
		CA163AE12758DB8F007396E3 /* Extensions */ = {
			isa = PBXGroup;
			children = (
				CADF92AC274FB58100CD72F6 /* UITextField+Extensions.swift */,
			);
			path = Extensions;
			sourceTree = "<group>";
		};
		CA352CC3274141F9000E40D7 = {
			isa = PBXGroup;
			children = (
				CA352CCE274141F9000E40D7 /* LootLogger- itr1- Aisha Ali */,
				CA352CCD274141F9000E40D7 /* Products */,
			);
			sourceTree = "<group>";
		};
		CA352CCD274141F9000E40D7 /* Products */ = {
			isa = PBXGroup;
			children = (
				CA352CCC274141F9000E40D7 /* LootLogger- itr1- Aisha Ali.app */,
			);
			name = Products;
			sourceTree = "<group>";
		};
		CA352CCE274141F9000E40D7 /* LootLogger- itr1- Aisha Ali */ = {
			isa = PBXGroup;
			children = (
				CA352CE327414205000E40D7 /* Controllers */,
				CA352CEA27423499000E40D7 /* Views */,
				CA352CE927423488000E40D7 /* Classes */,
				CA163AE12758DB8F007396E3 /* Extensions */,
				CA163ADE2758DB1D007396E3 /* Error Handling */,
				CA352CE827423461000E40D7 /* Resources */,
				CA352CDD274141FA000E40D7 /* Info.plist */,
			);
			path = "LootLogger- itr1- Aisha Ali";
			sourceTree = "<group>";
		};
		CA352CE327414205000E40D7 /* Controllers */ = {
			isa = PBXGroup;
			children = (
				CA352CE42741421B000E40D7 /* ItemsViewsController.swift */,
				CABB74FF2750047F00F08A6D /* ModifyDateController.swift */,
				CA0E62F9274F775B003A7F6D /* DetailViewControl.swift */,
			);
			path = Controllers;
			sourceTree = "<group>";
		};
		CA352CE827423461000E40D7 /* Resources */ = {
			isa = PBXGroup;
			children = (
				CA352CD8274141FA000E40D7 /* Assets.xcassets */,
				CA352CD1274141F9000E40D7 /* SceneDelegate.swift */,
				CA352CCF274141F9000E40D7 /* AppDelegate.swift */,
			);
			path = Resources;
			sourceTree = "<group>";
		};
		CA352CE927423488000E40D7 /* Classes */ = {
			isa = PBXGroup;
			children = (
				CA352CE6274143A7000E40D7 /* ItemClass.swift */,
				CA94066E274B7274000788D8 /* ItemCell.swift */,
				CA352CEB2742355D000E40D7 /* ItemsStore.swift */,
			);
			path = Classes;
			sourceTree = "<group>";
		};
		CA352CEA27423499000E40D7 /* Views */ = {
			isa = PBXGroup;
			children = (
				CA352CD5274141F9000E40D7 /* Main.storyboard */,
				CA352CDA274141FA000E40D7 /* LaunchScreen.storyboard */,
			);
			path = Views;
			sourceTree = "<group>";
		};
/* End PBXGroup section */

/* Begin PBXNativeTarget section */
		CA352CCB274141F9000E40D7 /* LootLogger- itr1- Aisha Ali */ = {
			isa = PBXNativeTarget;
			buildConfigurationList = CA352CE0274141FA000E40D7 /* Build configuration list for PBXNativeTarget "LootLogger- itr1- Aisha Ali" */;
			buildPhases = (
				CA352CC8274141F9000E40D7 /* Sources */,
				CA352CC9274141F9000E40D7 /* Frameworks */,
				CA352CCA274141F9000E40D7 /* Resources */,
			);
			buildRules = (
			);
			dependencies = (
			);
			name = "LootLogger- itr1- Aisha Ali";
			productName = "LootLogger- itr1- Aisha Ali";
			productReference = CA352CCC274141F9000E40D7 /* LootLogger- itr1- Aisha Ali.app */;
			productType = "com.apple.product-type.application";
		};
/* End PBXNativeTarget section */

/* Begin PBXProject section */
		CA352CC4274141F9000E40D7 /* Project object */ = {
			isa = PBXProject;
			attributes = {
				LastSwiftUpdateCheck = 1250;
				LastUpgradeCheck = 1250;
				TargetAttributes = {
					CA352CCB274141F9000E40D7 = {
						CreatedOnToolsVersion = 12.5;
					};
				};
			};
			buildConfigurationList = CA352CC7274141F9000E40D7 /* Build configuration list for PBXProject "LootLogger- itr1- Aisha Ali" */;
			compatibilityVersion = "Xcode 9.3";
			developmentRegion = en;
			hasScannedForEncodings = 0;
			knownRegions = (
				en,
				Base,
			);
			mainGroup = CA352CC3274141F9000E40D7;
			productRefGroup = CA352CCD274141F9000E40D7 /* Products */;
			projectDirPath = "";
			projectRoot = "";
			targets = (
				CA352CCB274141F9000E40D7 /* LootLogger- itr1- Aisha Ali */,
			);
		};
/* End PBXProject section */

/* Begin PBXResourcesBuildPhase section */
		CA352CCA274141F9000E40D7 /* Resources */ = {
			isa = PBXResourcesBuildPhase;
			buildActionMask = 2147483647;
			files = (
				CA352CDC274141FA000E40D7 /* LaunchScreen.storyboard in Resources */,
				CA352CD9274141FA000E40D7 /* Assets.xcassets in Resources */,
				CA352CD7274141F9000E40D7 /* Main.storyboard in Resources */,
			);
			runOnlyForDeploymentPostprocessing = 0;
		};
/* End PBXResourcesBuildPhase section */

/* Begin PBXSourcesBuildPhase section */
		CA352CC8274141F9000E40D7 /* Sources */ = {
			isa = PBXSourcesBuildPhase;
			buildActionMask = 2147483647;
			files = (
				CA352CE52741421B000E40D7 /* ItemsViewsController.swift in Sources */,
				CADF92AD274FB58100CD72F6 /* UITextField+Extensions.swift in Sources */,
				CA352CE7274143A7000E40D7 /* ItemClass.swift in Sources */,
				CA94066F274B7274000788D8 /* ItemCell.swift in Sources */,
				CA352CD0274141F9000E40D7 /* AppDelegate.swift in Sources */,
				CA352CD2274141F9000E40D7 /* SceneDelegate.swift in Sources */,
				CA0E62FA274F775B003A7F6D /* DetailViewControl.swift in Sources */,
				CABB75002750047F00F08A6D /* ModifyDateController.swift in Sources */,
				CA352CEC2742355D000E40D7 /* ItemsStore.swift in Sources */,
				CA163AE02758DB3B007396E3 /* RuntimeError.swift in Sources */,
			);
			runOnlyForDeploymentPostprocessing = 0;
		};
/* End PBXSourcesBuildPhase section */

/* Begin PBXVariantGroup section */
		CA352CD5274141F9000E40D7 /* Main.storyboard */ = {
			isa = PBXVariantGroup;
			children = (
				CA352CD6274141F9000E40D7 /* Base */,
			);
			name = Main.storyboard;
			sourceTree = "<group>";
		};
		CA352CDA274141FA000E40D7 /* LaunchScreen.storyboard */ = {
			isa = PBXVariantGroup;
			children = (
				CA352CDB274141FA000E40D7 /* Base */,
			);
			name = LaunchScreen.storyboard;
			sourceTree = "<group>";
		};
/* End PBXVariantGroup section */

/* Begin XCBuildConfiguration section */
		CA352CDE274141FA000E40D7 /* Debug */ = {
			isa = XCBuildConfiguration;
			buildSettings = {
				ALWAYS_SEARCH_USER_PATHS = NO;
				CLANG_ANALYZER_NONNULL = YES;
				CLANG_ANALYZER_NUMBER_OBJECT_CONVERSION = YES_AGGRESSIVE;
				CLANG_CXX_LANGUAGE_STANDARD = "gnu++14";
				CLANG_CXX_LIBRARY = "libc++";
				CLANG_ENABLE_MODULES = YES;
				CLANG_ENABLE_OBJC_ARC = YES;
				CLANG_ENABLE_OBJC_WEAK = YES;
				CLANG_WARN_BLOCK_CAPTURE_AUTORELEASING = YES;
				CLANG_WARN_BOOL_CONVERSION = YES;
				CLANG_WARN_COMMA = YES;
				CLANG_WARN_CONSTANT_CONVERSION = YES;
				CLANG_WARN_DEPRECATED_OBJC_IMPLEMENTATIONS = YES;
				CLANG_WARN_DIRECT_OBJC_ISA_USAGE = YES_ERROR;
				CLANG_WARN_DOCUMENTATION_COMMENTS = YES;
				CLANG_WARN_EMPTY_BODY = YES;
				CLANG_WARN_ENUM_CONVERSION = YES;
				CLANG_WARN_INFINITE_RECURSION = YES;
				CLANG_WARN_INT_CONVERSION = YES;
				CLANG_WARN_NON_LITERAL_NULL_CONVERSION = YES;
				CLANG_WARN_OBJC_IMPLICIT_RETAIN_SELF = YES;
				CLANG_WARN_OBJC_LITERAL_CONVERSION = YES;
				CLANG_WARN_OBJC_ROOT_CLASS = YES_ERROR;
				CLANG_WARN_QUOTED_INCLUDE_IN_FRAMEWORK_HEADER = YES;
				CLANG_WARN_RANGE_LOOP_ANALYSIS = YES;
				CLANG_WARN_STRICT_PROTOTYPES = YES;
				CLANG_WARN_SUSPICIOUS_MOVE = YES;
				CLANG_WARN_UNGUARDED_AVAILABILITY = YES_AGGRESSIVE;
				CLANG_WARN_UNREACHABLE_CODE = YES;
				CLANG_WARN__DUPLICATE_METHOD_MATCH = YES;
				COPY_PHASE_STRIP = NO;
				DEBUG_INFORMATION_FORMAT = dwarf;
				ENABLE_STRICT_OBJC_MSGSEND = YES;
				ENABLE_TESTABILITY = YES;
				GCC_C_LANGUAGE_STANDARD = gnu11;
				GCC_DYNAMIC_NO_PIC = NO;
				GCC_NO_COMMON_BLOCKS = YES;
				GCC_OPTIMIZATION_LEVEL = 0;
				GCC_PREPROCESSOR_DEFINITIONS = (
					"DEBUG=1",
					"$(inherited)",
				);
				GCC_WARN_64_TO_32_BIT_CONVERSION = YES;
				GCC_WARN_ABOUT_RETURN_TYPE = YES_ERROR;
				GCC_WARN_UNDECLARED_SELECTOR = YES;
				GCC_WARN_UNINITIALIZED_AUTOS = YES_AGGRESSIVE;
				GCC_WARN_UNUSED_FUNCTION = YES;
				GCC_WARN_UNUSED_VARIABLE = YES;
				IPHONEOS_DEPLOYMENT_TARGET = 14.5;
				MTL_ENABLE_DEBUG_INFO = INCLUDE_SOURCE;
				MTL_FAST_MATH = YES;
				ONLY_ACTIVE_ARCH = YES;
				SDKROOT = iphoneos;
				SWIFT_ACTIVE_COMPILATION_CONDITIONS = DEBUG;
				SWIFT_OPTIMIZATION_LEVEL = "-Onone";
			};
			name = Debug;
		};
		CA352CDF274141FA000E40D7 /* Release */ = {
			isa = XCBuildConfiguration;
			buildSettings = {
				ALWAYS_SEARCH_USER_PATHS = NO;
				CLANG_ANALYZER_NONNULL = YES;
				CLANG_ANALYZER_NUMBER_OBJECT_CONVERSION = YES_AGGRESSIVE;
				CLANG_CXX_LANGUAGE_STANDARD = "gnu++14";
				CLANG_CXX_LIBRARY = "libc++";
				CLANG_ENABLE_MODULES = YES;
				CLANG_ENABLE_OBJC_ARC = YES;
				CLANG_ENABLE_OBJC_WEAK = YES;
				CLANG_WARN_BLOCK_CAPTURE_AUTORELEASING = YES;
				CLANG_WARN_BOOL_CONVERSION = YES;
				CLANG_WARN_COMMA = YES;
				CLANG_WARN_CONSTANT_CONVERSION = YES;
				CLANG_WARN_DEPRECATED_OBJC_IMPLEMENTATIONS = YES;
				CLANG_WARN_DIRECT_OBJC_ISA_USAGE = YES_ERROR;
				CLANG_WARN_DOCUMENTATION_COMMENTS = YES;
				CLANG_WARN_EMPTY_BODY = YES;
				CLANG_WARN_ENUM_CONVERSION = YES;
				CLANG_WARN_INFINITE_RECURSION = YES;
				CLANG_WARN_INT_CONVERSION = YES;
				CLANG_WARN_NON_LITERAL_NULL_CONVERSION = YES;
				CLANG_WARN_OBJC_IMPLICIT_RETAIN_SELF = YES;
				CLANG_WARN_OBJC_LITERAL_CONVERSION = YES;
				CLANG_WARN_OBJC_ROOT_CLASS = YES_ERROR;
				CLANG_WARN_QUOTED_INCLUDE_IN_FRAMEWORK_HEADER = YES;
				CLANG_WARN_RANGE_LOOP_ANALYSIS = YES;
				CLANG_WARN_STRICT_PROTOTYPES = YES;
				CLANG_WARN_SUSPICIOUS_MOVE = YES;
				CLANG_WARN_UNGUARDED_AVAILABILITY = YES_AGGRESSIVE;
				CLANG_WARN_UNREACHABLE_CODE = YES;
				CLANG_WARN__DUPLICATE_METHOD_MATCH = YES;
				COPY_PHASE_STRIP = NO;
				DEBUG_INFORMATION_FORMAT = "dwarf-with-dsym";
				ENABLE_NS_ASSERTIONS = NO;
				ENABLE_STRICT_OBJC_MSGSEND = YES;
				GCC_C_LANGUAGE_STANDARD = gnu11;
				GCC_NO_COMMON_BLOCKS = YES;
				GCC_WARN_64_TO_32_BIT_CONVERSION = YES;
				GCC_WARN_ABOUT_RETURN_TYPE = YES_ERROR;
				GCC_WARN_UNDECLARED_SELECTOR = YES;
				GCC_WARN_UNINITIALIZED_AUTOS = YES_AGGRESSIVE;
				GCC_WARN_UNUSED_FUNCTION = YES;
				GCC_WARN_UNUSED_VARIABLE = YES;
				IPHONEOS_DEPLOYMENT_TARGET = 14.5;
				MTL_ENABLE_DEBUG_INFO = NO;
				MTL_FAST_MATH = YES;
				SDKROOT = iphoneos;
				SWIFT_COMPILATION_MODE = wholemodule;
				SWIFT_OPTIMIZATION_LEVEL = "-O";
				VALIDATE_PRODUCT = YES;
			};
			name = Release;
		};
		CA352CE1274141FA000E40D7 /* Debug */ = {
			isa = XCBuildConfiguration;
			buildSettings = {
				ASSETCATALOG_COMPILER_APPICON_NAME = AppIcon;
				ASSETCATALOG_COMPILER_GLOBAL_ACCENT_COLOR_NAME = AccentColor;
				CODE_SIGN_STYLE = Automatic;
				DEVELOPMENT_TEAM = U9SM3FBS5M;
				INFOPLIST_FILE = "LootLogger- itr1- Aisha Ali/Info.plist";
				LD_RUNPATH_SEARCH_PATHS = (
					"$(inherited)",
					"@executable_path/Frameworks",
				);
				PRODUCT_BUNDLE_IDENTIFIER = "com.aishaali.LootLogger--itr1--Aisha-Ali";
				PRODUCT_NAME = "$(TARGET_NAME)";
				SWIFT_VERSION = 5.0;
				TARGETED_DEVICE_FAMILY = "1,2";
			};
			name = Debug;
		};
		CA352CE2274141FA000E40D7 /* Release */ = {
			isa = XCBuildConfiguration;
			buildSettings = {
				ASSETCATALOG_COMPILER_APPICON_NAME = AppIcon;
				ASSETCATALOG_COMPILER_GLOBAL_ACCENT_COLOR_NAME = AccentColor;
				CODE_SIGN_STYLE = Automatic;
				DEVELOPMENT_TEAM = U9SM3FBS5M;
				INFOPLIST_FILE = "LootLogger- itr1- Aisha Ali/Info.plist";
				LD_RUNPATH_SEARCH_PATHS = (
					"$(inherited)",
					"@executable_path/Frameworks",
				);
				PRODUCT_BUNDLE_IDENTIFIER = "com.aishaali.LootLogger--itr1--Aisha-Ali";
				PRODUCT_NAME = "$(TARGET_NAME)";
				SWIFT_VERSION = 5.0;
				TARGETED_DEVICE_FAMILY = "1,2";
			};
			name = Release;
		};
/* End XCBuildConfiguration section */

/* Begin XCConfigurationList section */
		CA352CC7274141F9000E40D7 /* Build configuration list for PBXProject "LootLogger- itr1- Aisha Ali" */ = {
			isa = XCConfigurationList;
			buildConfigurations = (
				CA352CDE274141FA000E40D7 /* Debug */,
				CA352CDF274141FA000E40D7 /* Release */,
			);
			defaultConfigurationIsVisible = 0;
			defaultConfigurationName = Release;
		};
		CA352CE0274141FA000E40D7 /* Build configuration list for PBXNativeTarget "LootLogger- itr1- Aisha Ali" */ = {
			isa = XCConfigurationList;
			buildConfigurations = (
				CA352CE1274141FA000E40D7 /* Debug */,
				CA352CE2274141FA000E40D7 /* Release */,
			);
			defaultConfigurationIsVisible = 0;
			defaultConfigurationName = Release;
		};
/* End XCConfigurationList section */
	};
	rootObject = CA352CC4274141F9000E40D7 /* Project object */;
}
