// !$*UTF8*$!
{
	archiveVersion = 1;
	classes = {
	};
	objectVersion = 50;
	objects = {

/* Begin PBXBuildFile section */
		BF234574274E0FD00070F856 /* ItemCell.swift in Sources */ = {isa = PBXBuildFile; fileRef = BF234573274E0FD00070F856 /* ItemCell.swift */; };
		BF234576274F84AD0070F856 /* DetailViewController.swift in Sources */ = {isa = PBXBuildFile; fileRef = BF234575274F84AD0070F856 /* DetailViewController.swift */; };
		BF94CA972743921300C0E074 /* AppDelegate.swift in Sources */ = {isa = PBXBuildFile; fileRef = BF94CA962743921300C0E074 /* AppDelegate.swift */; };
		BF94CA992743921300C0E074 /* SceneDelegate.swift in Sources */ = {isa = PBXBuildFile; fileRef = BF94CA982743921300C0E074 /* SceneDelegate.swift */; };
		BF94CA9E2743921300C0E074 /* Main.storyboard in Resources */ = {isa = PBXBuildFile; fileRef = BF94CA9C2743921300C0E074 /* Main.storyboard */; };
		BF94CAA02743921400C0E074 /* Assets.xcassets in Resources */ = {isa = PBXBuildFile; fileRef = BF94CA9F2743921400C0E074 /* Assets.xcassets */; };
		BF94CAA32743921400C0E074 /* LaunchScreen.storyboard in Resources */ = {isa = PBXBuildFile; fileRef = BF94CAA12743921400C0E074 /* LaunchScreen.storyboard */; };
		BF94CAC72743941800C0E074 /* ItemsViewController.swift in Sources */ = {isa = PBXBuildFile; fileRef = BF94CAC62743941800C0E074 /* ItemsViewController.swift */; };
		BF94CAC92743954B00C0E074 /* Item.swift in Sources */ = {isa = PBXBuildFile; fileRef = BF94CAC82743954B00C0E074 /* Item.swift */; };
		BF94CACB2743976C00C0E074 /* ItemStore.swift in Sources */ = {isa = PBXBuildFile; fileRef = BF94CACA2743976C00C0E074 /* ItemStore.swift */; };
/* End PBXBuildFile section */

/* Begin PBXContainerItemProxy section */
		BF94CAAA2743921400C0E074 /* PBXContainerItemProxy */ = {
			isa = PBXContainerItemProxy;
			containerPortal = BF94CA8B2743921300C0E074 /* Project object */;
			proxyType = 1;
			remoteGlobalIDString = BF94CA922743921300C0E074;
			remoteInfo = LootLogger;
		};
		BF94CAB52743921400C0E074 /* PBXContainerItemProxy */ = {
			isa = PBXContainerItemProxy;
			containerPortal = BF94CA8B2743921300C0E074 /* Project object */;
			proxyType = 1;
			remoteGlobalIDString = BF94CA922743921300C0E074;
			remoteInfo = LootLogger;
		};
/* End PBXContainerItemProxy section */

/* Begin PBXFileReference section */
		BF234573274E0FD00070F856 /* ItemCell.swift */ = {isa = PBXFileReference; lastKnownFileType = sourcecode.swift; path = ItemCell.swift; sourceTree = "<group>"; };
		BF234575274F84AD0070F856 /* DetailViewController.swift */ = {isa = PBXFileReference; lastKnownFileType = sourcecode.swift; path = DetailViewController.swift; sourceTree = "<group>"; };
		BF94CA932743921300C0E074 /* LootLogger.app */ = {isa = PBXFileReference; explicitFileType = wrapper.application; includeInIndex = 0; path = LootLogger.app; sourceTree = BUILT_PRODUCTS_DIR; };
		BF94CA962743921300C0E074 /* AppDelegate.swift */ = {isa = PBXFileReference; lastKnownFileType = sourcecode.swift; path = AppDelegate.swift; sourceTree = "<group>"; };
		BF94CA982743921300C0E074 /* SceneDelegate.swift */ = {isa = PBXFileReference; lastKnownFileType = sourcecode.swift; path = SceneDelegate.swift; sourceTree = "<group>"; };
		BF94CA9D2743921300C0E074 /* Base */ = {isa = PBXFileReference; lastKnownFileType = file.storyboard; name = Base; path = Base.lproj/Main.storyboard; sourceTree = "<group>"; };
		BF94CA9F2743921400C0E074 /* Assets.xcassets */ = {isa = PBXFileReference; lastKnownFileType = folder.assetcatalog; path = Assets.xcassets; sourceTree = "<group>"; };
		BF94CAA22743921400C0E074 /* Base */ = {isa = PBXFileReference; lastKnownFileType = file.storyboard; name = Base; path = Base.lproj/LaunchScreen.storyboard; sourceTree = "<group>"; };
		BF94CAA42743921400C0E074 /* Info.plist */ = {isa = PBXFileReference; lastKnownFileType = text.plist.xml; path = Info.plist; sourceTree = "<group>"; };
		BF94CAA92743921400C0E074 /* LootLoggerTests.xctest */ = {isa = PBXFileReference; explicitFileType = wrapper.cfbundle; includeInIndex = 0; path = LootLoggerTests.xctest; sourceTree = BUILT_PRODUCTS_DIR; };
		BF94CAB42743921400C0E074 /* LootLoggerUITests.xctest */ = {isa = PBXFileReference; explicitFileType = wrapper.cfbundle; includeInIndex = 0; path = LootLoggerUITests.xctest; sourceTree = BUILT_PRODUCTS_DIR; };
		BF94CAC62743941800C0E074 /* ItemsViewController.swift */ = {isa = PBXFileReference; lastKnownFileType = sourcecode.swift; path = ItemsViewController.swift; sourceTree = "<group>"; };
		BF94CAC82743954B00C0E074 /* Item.swift */ = {isa = PBXFileReference; lastKnownFileType = sourcecode.swift; path = Item.swift; sourceTree = "<group>"; };
		BF94CACA2743976C00C0E074 /* ItemStore.swift */ = {isa = PBXFileReference; lastKnownFileType = sourcecode.swift; path = ItemStore.swift; sourceTree = "<group>"; };
/* End PBXFileReference section */

/* Begin PBXFrameworksBuildPhase section */
		BF94CA902743921300C0E074 /* Frameworks */ = {
			isa = PBXFrameworksBuildPhase;
			buildActionMask = 2147483647;
			files = (
			);
			runOnlyForDeploymentPostprocessing = 0;
		};
		BF94CAA62743921400C0E074 /* Frameworks */ = {
			isa = PBXFrameworksBuildPhase;
			buildActionMask = 2147483647;
			files = (
			);
			runOnlyForDeploymentPostprocessing = 0;
		};
		BF94CAB12743921400C0E074 /* Frameworks */ = {
			isa = PBXFrameworksBuildPhase;
			buildActionMask = 2147483647;
			files = (
			);
			runOnlyForDeploymentPostprocessing = 0;
		};
/* End PBXFrameworksBuildPhase section */

/* Begin PBXGroup section */
		BF94CA8A2743921300C0E074 = {
			isa = PBXGroup;
			children = (
				BF94CA952743921300C0E074 /* LootLogger */,
				BF94CA942743921300C0E074 /* Products */,
			);
			sourceTree = "<group>";
		};
		BF94CA942743921300C0E074 /* Products */ = {
			isa = PBXGroup;
			children = (
				BF94CA932743921300C0E074 /* LootLogger.app */,
				BF94CAA92743921400C0E074 /* LootLoggerTests.xctest */,
				BF94CAB42743921400C0E074 /* LootLoggerUITests.xctest */,
			);
			name = Products;
			sourceTree = "<group>";
		};
		BF94CA952743921300C0E074 /* LootLogger */ = {
			isa = PBXGroup;
			children = (
				BFA09960274B6715005ED471 /* Support */,
				BFA0995F274B6703005ED471 /* View */,
				BFA0995E274B66DC005ED471 /* Controller */,
				BFA0995D274B66A9005ED471 /* Model */,
				BF94CAA42743921400C0E074 /* Info.plist */,
				BF234573274E0FD00070F856 /* ItemCell.swift */,
				BF234575274F84AD0070F856 /* DetailViewController.swift */,
			);
			path = LootLogger;
			sourceTree = "<group>";
		};
		BFA0995D274B66A9005ED471 /* Model */ = {
			isa = PBXGroup;
			children = (
				BF94CAC82743954B00C0E074 /* Item.swift */,
				BF94CACA2743976C00C0E074 /* ItemStore.swift */,
			);
			path = Model;
			sourceTree = "<group>";
		};
		BFA0995E274B66DC005ED471 /* Controller */ = {
			isa = PBXGroup;
			children = (
				BF94CAC62743941800C0E074 /* ItemsViewController.swift */,
			);
			path = Controller;
			sourceTree = "<group>";
		};
		BFA0995F274B6703005ED471 /* View */ = {
			isa = PBXGroup;
			children = (
				BF94CA9C2743921300C0E074 /* Main.storyboard */,
			);
			path = View;
			sourceTree = "<group>";
		};
		BFA09960274B6715005ED471 /* Support */ = {
			isa = PBXGroup;
			children = (
				BF94CA962743921300C0E074 /* AppDelegate.swift */,
				BF94CA982743921300C0E074 /* SceneDelegate.swift */,
				BF94CAA12743921400C0E074 /* LaunchScreen.storyboard */,
				BF94CA9F2743921400C0E074 /* Assets.xcassets */,
			);
			path = Support;
			sourceTree = "<group>";
		};
/* End PBXGroup section */

/* Begin PBXNativeTarget section */
		BF94CA922743921300C0E074 /* LootLogger */ = {
			isa = PBXNativeTarget;
			buildConfigurationList = BF94CABD2743921400C0E074 /* Build configuration list for PBXNativeTarget "LootLogger" */;
			buildPhases = (
				BF94CA8F2743921300C0E074 /* Sources */,
				BF94CA902743921300C0E074 /* Frameworks */,
				BF94CA912743921300C0E074 /* Resources */,
			);
			buildRules = (
			);
			dependencies = (
			);
			name = LootLogger;
			productName = LootLogger;
			productReference = BF94CA932743921300C0E074 /* LootLogger.app */;
			productType = "com.apple.product-type.application";
		};
		BF94CAA82743921400C0E074 /* LootLoggerTests */ = {
			isa = PBXNativeTarget;
			buildConfigurationList = BF94CAC02743921400C0E074 /* Build configuration list for PBXNativeTarget "LootLoggerTests" */;
			buildPhases = (
				BF94CAA52743921400C0E074 /* Sources */,
				BF94CAA62743921400C0E074 /* Frameworks */,
				BF94CAA72743921400C0E074 /* Resources */,
			);
			buildRules = (
			);
			dependencies = (
				BF94CAAB2743921400C0E074 /* PBXTargetDependency */,
			);
			name = LootLoggerTests;
			productName = LootLoggerTests;
			productReference = BF94CAA92743921400C0E074 /* LootLoggerTests.xctest */;
			productType = "com.apple.product-type.bundle.unit-test";
		};
		BF94CAB32743921400C0E074 /* LootLoggerUITests */ = {
			isa = PBXNativeTarget;
			buildConfigurationList = BF94CAC32743921400C0E074 /* Build configuration list for PBXNativeTarget "LootLoggerUITests" */;
			buildPhases = (
				BF94CAB02743921400C0E074 /* Sources */,
				BF94CAB12743921400C0E074 /* Frameworks */,
				BF94CAB22743921400C0E074 /* Resources */,
			);
			buildRules = (
			);
			dependencies = (
				BF94CAB62743921400C0E074 /* PBXTargetDependency */,
			);
			name = LootLoggerUITests;
			productName = LootLoggerUITests;
			productReference = BF94CAB42743921400C0E074 /* LootLoggerUITests.xctest */;
			productType = "com.apple.product-type.bundle.ui-testing";
		};
/* End PBXNativeTarget section */

/* Begin PBXProject section */
		BF94CA8B2743921300C0E074 /* Project object */ = {
			isa = PBXProject;
			attributes = {
				LastSwiftUpdateCheck = 1250;
				LastUpgradeCheck = 1250;
				TargetAttributes = {
					BF94CA922743921300C0E074 = {
						CreatedOnToolsVersion = 12.5;
					};
					BF94CAA82743921400C0E074 = {
						CreatedOnToolsVersion = 12.5;
						TestTargetID = BF94CA922743921300C0E074;
					};
					BF94CAB32743921400C0E074 = {
						CreatedOnToolsVersion = 12.5;
						TestTargetID = BF94CA922743921300C0E074;
					};
				};
			};
			buildConfigurationList = BF94CA8E2743921300C0E074 /* Build configuration list for PBXProject "LootLogger" */;
			compatibilityVersion = "Xcode 9.3";
			developmentRegion = en;
			hasScannedForEncodings = 0;
			knownRegions = (
				en,
				Base,
			);
			mainGroup = BF94CA8A2743921300C0E074;
			productRefGroup = BF94CA942743921300C0E074 /* Products */;
			projectDirPath = "";
			projectRoot = "";
			targets = (
				BF94CA922743921300C0E074 /* LootLogger */,
				BF94CAA82743921400C0E074 /* LootLoggerTests */,
				BF94CAB32743921400C0E074 /* LootLoggerUITests */,
			);
		};
/* End PBXProject section */

/* Begin PBXResourcesBuildPhase section */
		BF94CA912743921300C0E074 /* Resources */ = {
			isa = PBXResourcesBuildPhase;
			buildActionMask = 2147483647;
			files = (
				BF94CAA32743921400C0E074 /* LaunchScreen.storyboard in Resources */,
				BF94CAA02743921400C0E074 /* Assets.xcassets in Resources */,
				BF94CA9E2743921300C0E074 /* Main.storyboard in Resources */,
			);
			runOnlyForDeploymentPostprocessing = 0;
		};
		BF94CAA72743921400C0E074 /* Resources */ = {
			isa = PBXResourcesBuildPhase;
			buildActionMask = 2147483647;
			files = (
			);
			runOnlyForDeploymentPostprocessing = 0;
		};
		BF94CAB22743921400C0E074 /* Resources */ = {
			isa = PBXResourcesBuildPhase;
			buildActionMask = 2147483647;
			files = (
			);
			runOnlyForDeploymentPostprocessing = 0;
		};
/* End PBXResourcesBuildPhase section */

/* Begin PBXSourcesBuildPhase section */
		BF94CA8F2743921300C0E074 /* Sources */ = {
			isa = PBXSourcesBuildPhase;
			buildActionMask = 2147483647;
			files = (
				BF94CAC92743954B00C0E074 /* Item.swift in Sources */,
				BF94CAC72743941800C0E074 /* ItemsViewController.swift in Sources */,
				BF234574274E0FD00070F856 /* ItemCell.swift in Sources */,
				BF94CA972743921300C0E074 /* AppDelegate.swift in Sources */,
				BF94CACB2743976C00C0E074 /* ItemStore.swift in Sources */,
				BF94CA992743921300C0E074 /* SceneDelegate.swift in Sources */,
				BF234576274F84AD0070F856 /* DetailViewController.swift in Sources */,
			);
			runOnlyForDeploymentPostprocessing = 0;
		};
		BF94CAA52743921400C0E074 /* Sources */ = {
			isa = PBXSourcesBuildPhase;
			buildActionMask = 2147483647;
			files = (
			);
			runOnlyForDeploymentPostprocessing = 0;
		};
		BF94CAB02743921400C0E074 /* Sources */ = {
			isa = PBXSourcesBuildPhase;
			buildActionMask = 2147483647;
			files = (
			);
			runOnlyForDeploymentPostprocessing = 0;
		};
/* End PBXSourcesBuildPhase section */

/* Begin PBXTargetDependency section */
		BF94CAAB2743921400C0E074 /* PBXTargetDependency */ = {
			isa = PBXTargetDependency;
			target = BF94CA922743921300C0E074 /* LootLogger */;
			targetProxy = BF94CAAA2743921400C0E074 /* PBXContainerItemProxy */;
		};
		BF94CAB62743921400C0E074 /* PBXTargetDependency */ = {
			isa = PBXTargetDependency;
			target = BF94CA922743921300C0E074 /* LootLogger */;
			targetProxy = BF94CAB52743921400C0E074 /* PBXContainerItemProxy */;
		};
/* End PBXTargetDependency section */

/* Begin PBXVariantGroup section */
		BF94CA9C2743921300C0E074 /* Main.storyboard */ = {
			isa = PBXVariantGroup;
			children = (
				BF94CA9D2743921300C0E074 /* Base */,
			);
			name = Main.storyboard;
			sourceTree = "<group>";
		};
		BF94CAA12743921400C0E074 /* LaunchScreen.storyboard */ = {
			isa = PBXVariantGroup;
			children = (
				BF94CAA22743921400C0E074 /* Base */,
			);
			name = LaunchScreen.storyboard;
			sourceTree = "<group>";
		};
/* End PBXVariantGroup section */

/* Begin XCBuildConfiguration section */
		BF94CABB2743921400C0E074 /* Debug */ = {
			isa = XCBuildConfiguration;
			buildSettings = {
				ALWAYS_SEARCH_USER_PATHS = NO;
				CLANG_ANALYZER_NONNULL = YES;
				CLANG_ANALYZER_NUMBER_OBJECT_CONVERSION = YES_AGGRESSIVE;
				CLANG_CXX_LANGUAGE_STANDARD = "gnu++14";
				CLANG_CXX_LIBRARY = "libc++";
				CLANG_ENABLE_MODULES = YES;
				CLANG_ENABLE_OBJC_ARC = YES;
				CLANG_ENABLE_OBJC_WEAK = YES;
				CLANG_WARN_BLOCK_CAPTURE_AUTORELEASING = YES;
				CLANG_WARN_BOOL_CONVERSION = YES;
				CLANG_WARN_COMMA = YES;
				CLANG_WARN_CONSTANT_CONVERSION = YES;
				CLANG_WARN_DEPRECATED_OBJC_IMPLEMENTATIONS = YES;
				CLANG_WARN_DIRECT_OBJC_ISA_USAGE = YES_ERROR;
				CLANG_WARN_DOCUMENTATION_COMMENTS = YES;
				CLANG_WARN_EMPTY_BODY = YES;
				CLANG_WARN_ENUM_CONVERSION = YES;
				CLANG_WARN_INFINITE_RECURSION = YES;
				CLANG_WARN_INT_CONVERSION = YES;
				CLANG_WARN_NON_LITERAL_NULL_CONVERSION = YES;
				CLANG_WARN_OBJC_IMPLICIT_RETAIN_SELF = YES;
				CLANG_WARN_OBJC_LITERAL_CONVERSION = YES;
				CLANG_WARN_OBJC_ROOT_CLASS = YES_ERROR;
				CLANG_WARN_QUOTED_INCLUDE_IN_FRAMEWORK_HEADER = YES;
				CLANG_WARN_RANGE_LOOP_ANALYSIS = YES;
				CLANG_WARN_STRICT_PROTOTYPES = YES;
				CLANG_WARN_SUSPICIOUS_MOVE = YES;
				CLANG_WARN_UNGUARDED_AVAILABILITY = YES_AGGRESSIVE;
				CLANG_WARN_UNREACHABLE_CODE = YES;
				CLANG_WARN__DUPLICATE_METHOD_MATCH = YES;
				COPY_PHASE_STRIP = NO;
				DEBUG_INFORMATION_FORMAT = dwarf;
				ENABLE_STRICT_OBJC_MSGSEND = YES;
				ENABLE_TESTABILITY = YES;
				GCC_C_LANGUAGE_STANDARD = gnu11;
				GCC_DYNAMIC_NO_PIC = NO;
				GCC_NO_COMMON_BLOCKS = YES;
				GCC_OPTIMIZATION_LEVEL = 0;
				GCC_PREPROCESSOR_DEFINITIONS = (
					"DEBUG=1",
					"$(inherited)",
				);
				GCC_WARN_64_TO_32_BIT_CONVERSION = YES;
				GCC_WARN_ABOUT_RETURN_TYPE = YES_ERROR;
				GCC_WARN_UNDECLARED_SELECTOR = YES;
				GCC_WARN_UNINITIALIZED_AUTOS = YES_AGGRESSIVE;
				GCC_WARN_UNUSED_FUNCTION = YES;
				GCC_WARN_UNUSED_VARIABLE = YES;
				IPHONEOS_DEPLOYMENT_TARGET = 14.5;
				MTL_ENABLE_DEBUG_INFO = INCLUDE_SOURCE;
				MTL_FAST_MATH = YES;
				ONLY_ACTIVE_ARCH = YES;
				SDKROOT = iphoneos;
				SWIFT_ACTIVE_COMPILATION_CONDITIONS = DEBUG;
				SWIFT_OPTIMIZATION_LEVEL = "-Onone";
			};
			name = Debug;
		};
		BF94CABC2743921400C0E074 /* Release */ = {
			isa = XCBuildConfiguration;
			buildSettings = {
				ALWAYS_SEARCH_USER_PATHS = NO;
				CLANG_ANALYZER_NONNULL = YES;
				CLANG_ANALYZER_NUMBER_OBJECT_CONVERSION = YES_AGGRESSIVE;
				CLANG_CXX_LANGUAGE_STANDARD = "gnu++14";
				CLANG_CXX_LIBRARY = "libc++";
				CLANG_ENABLE_MODULES = YES;
				CLANG_ENABLE_OBJC_ARC = YES;
				CLANG_ENABLE_OBJC_WEAK = YES;
				CLANG_WARN_BLOCK_CAPTURE_AUTORELEASING = YES;
				CLANG_WARN_BOOL_CONVERSION = YES;
				CLANG_WARN_COMMA = YES;
				CLANG_WARN_CONSTANT_CONVERSION = YES;
				CLANG_WARN_DEPRECATED_OBJC_IMPLEMENTATIONS = YES;
				CLANG_WARN_DIRECT_OBJC_ISA_USAGE = YES_ERROR;
				CLANG_WARN_DOCUMENTATION_COMMENTS = YES;
				CLANG_WARN_EMPTY_BODY = YES;
				CLANG_WARN_ENUM_CONVERSION = YES;
				CLANG_WARN_INFINITE_RECURSION = YES;
				CLANG_WARN_INT_CONVERSION = YES;
				CLANG_WARN_NON_LITERAL_NULL_CONVERSION = YES;
				CLANG_WARN_OBJC_IMPLICIT_RETAIN_SELF = YES;
				CLANG_WARN_OBJC_LITERAL_CONVERSION = YES;
				CLANG_WARN_OBJC_ROOT_CLASS = YES_ERROR;
				CLANG_WARN_QUOTED_INCLUDE_IN_FRAMEWORK_HEADER = YES;
				CLANG_WARN_RANGE_LOOP_ANALYSIS = YES;
				CLANG_WARN_STRICT_PROTOTYPES = YES;
				CLANG_WARN_SUSPICIOUS_MOVE = YES;
				CLANG_WARN_UNGUARDED_AVAILABILITY = YES_AGGRESSIVE;
				CLANG_WARN_UNREACHABLE_CODE = YES;
				CLANG_WARN__DUPLICATE_METHOD_MATCH = YES;
				COPY_PHASE_STRIP = NO;
				DEBUG_INFORMATION_FORMAT = "dwarf-with-dsym";
				ENABLE_NS_ASSERTIONS = NO;
				ENABLE_STRICT_OBJC_MSGSEND = YES;
				GCC_C_LANGUAGE_STANDARD = gnu11;
				GCC_NO_COMMON_BLOCKS = YES;
				GCC_WARN_64_TO_32_BIT_CONVERSION = YES;
				GCC_WARN_ABOUT_RETURN_TYPE = YES_ERROR;
				GCC_WARN_UNDECLARED_SELECTOR = YES;
				GCC_WARN_UNINITIALIZED_AUTOS = YES_AGGRESSIVE;
				GCC_WARN_UNUSED_FUNCTION = YES;
				GCC_WARN_UNUSED_VARIABLE = YES;
				IPHONEOS_DEPLOYMENT_TARGET = 14.5;
				MTL_ENABLE_DEBUG_INFO = NO;
				MTL_FAST_MATH = YES;
				SDKROOT = iphoneos;
				SWIFT_COMPILATION_MODE = wholemodule;
				SWIFT_OPTIMIZATION_LEVEL = "-O";
				VALIDATE_PRODUCT = YES;
			};
			name = Release;
		};
		BF94CABE2743921400C0E074 /* Debug */ = {
			isa = XCBuildConfiguration;
			buildSettings = {
				ASSETCATALOG_COMPILER_APPICON_NAME = AppIcon;
				ASSETCATALOG_COMPILER_GLOBAL_ACCENT_COLOR_NAME = AccentColor;
				CODE_SIGN_STYLE = Automatic;
				DEVELOPMENT_TEAM = 8CVXW7BRYZ;
				INFOPLIST_FILE = LootLogger/Info.plist;
				LD_RUNPATH_SEARCH_PATHS = (
					"$(inherited)",
					"@executable_path/Frameworks",
				);
				PRODUCT_BUNDLE_IDENTIFIER = Arwa.LootLogger;
				PRODUCT_NAME = "$(TARGET_NAME)";
				SWIFT_VERSION = 5.0;
				TARGETED_DEVICE_FAMILY = "1,2";
			};
			name = Debug;
		};
		BF94CABF2743921400C0E074 /* Release */ = {
			isa = XCBuildConfiguration;
			buildSettings = {
				ASSETCATALOG_COMPILER_APPICON_NAME = AppIcon;
				ASSETCATALOG_COMPILER_GLOBAL_ACCENT_COLOR_NAME = AccentColor;
				CODE_SIGN_STYLE = Automatic;
				DEVELOPMENT_TEAM = 8CVXW7BRYZ;
				INFOPLIST_FILE = LootLogger/Info.plist;
				LD_RUNPATH_SEARCH_PATHS = (
					"$(inherited)",
					"@executable_path/Frameworks",
				);
				PRODUCT_BUNDLE_IDENTIFIER = Arwa.LootLogger;
				PRODUCT_NAME = "$(TARGET_NAME)";
				SWIFT_VERSION = 5.0;
				TARGETED_DEVICE_FAMILY = "1,2";
			};
			name = Release;
		};
		BF94CAC12743921400C0E074 /* Debug */ = {
			isa = XCBuildConfiguration;
			buildSettings = {
				ALWAYS_EMBED_SWIFT_STANDARD_LIBRARIES = YES;
				BUNDLE_LOADER = "$(TEST_HOST)";
				CODE_SIGN_STYLE = Automatic;
				DEVELOPMENT_TEAM = 8CVXW7BRYZ;
				INFOPLIST_FILE = LootLoggerTests/Info.plist;
				IPHONEOS_DEPLOYMENT_TARGET = 14.5;
				LD_RUNPATH_SEARCH_PATHS = (
					"$(inherited)",
					"@executable_path/Frameworks",
					"@loader_path/Frameworks",
				);
				PRODUCT_BUNDLE_IDENTIFIER = Arwa.LootLoggerTests;
				PRODUCT_NAME = "$(TARGET_NAME)";
				SWIFT_VERSION = 5.0;
				TARGETED_DEVICE_FAMILY = "1,2";
				TEST_HOST = "$(BUILT_PRODUCTS_DIR)/LootLogger.app/LootLogger";
			};
			name = Debug;
		};
		BF94CAC22743921400C0E074 /* Release */ = {
			isa = XCBuildConfiguration;
			buildSettings = {
				ALWAYS_EMBED_SWIFT_STANDARD_LIBRARIES = YES;
				BUNDLE_LOADER = "$(TEST_HOST)";
				CODE_SIGN_STYLE = Automatic;
				DEVELOPMENT_TEAM = 8CVXW7BRYZ;
				INFOPLIST_FILE = LootLoggerTests/Info.plist;
				IPHONEOS_DEPLOYMENT_TARGET = 14.5;
				LD_RUNPATH_SEARCH_PATHS = (
					"$(inherited)",
					"@executable_path/Frameworks",
					"@loader_path/Frameworks",
				);
				PRODUCT_BUNDLE_IDENTIFIER = Arwa.LootLoggerTests;
				PRODUCT_NAME = "$(TARGET_NAME)";
				SWIFT_VERSION = 5.0;
				TARGETED_DEVICE_FAMILY = "1,2";
				TEST_HOST = "$(BUILT_PRODUCTS_DIR)/LootLogger.app/LootLogger";
			};
			name = Release;
		};
		BF94CAC42743921400C0E074 /* Debug */ = {
			isa = XCBuildConfiguration;
			buildSettings = {
				ALWAYS_EMBED_SWIFT_STANDARD_LIBRARIES = YES;
				CODE_SIGN_STYLE = Automatic;
				DEVELOPMENT_TEAM = 8CVXW7BRYZ;
				INFOPLIST_FILE = LootLoggerUITests/Info.plist;
				LD_RUNPATH_SEARCH_PATHS = (
					"$(inherited)",
					"@executable_path/Frameworks",
					"@loader_path/Frameworks",
				);
				PRODUCT_BUNDLE_IDENTIFIER = Arwa.LootLoggerUITests;
				PRODUCT_NAME = "$(TARGET_NAME)";
				SWIFT_VERSION = 5.0;
				TARGETED_DEVICE_FAMILY = "1,2";
				TEST_TARGET_NAME = LootLogger;
			};
			name = Debug;
		};
		BF94CAC52743921400C0E074 /* Release */ = {
			isa = XCBuildConfiguration;
			buildSettings = {
				ALWAYS_EMBED_SWIFT_STANDARD_LIBRARIES = YES;
				CODE_SIGN_STYLE = Automatic;
				DEVELOPMENT_TEAM = 8CVXW7BRYZ;
				INFOPLIST_FILE = LootLoggerUITests/Info.plist;
				LD_RUNPATH_SEARCH_PATHS = (
					"$(inherited)",
					"@executable_path/Frameworks",
					"@loader_path/Frameworks",
				);
				PRODUCT_BUNDLE_IDENTIFIER = Arwa.LootLoggerUITests;
				PRODUCT_NAME = "$(TARGET_NAME)";
				SWIFT_VERSION = 5.0;
				TARGETED_DEVICE_FAMILY = "1,2";
				TEST_TARGET_NAME = LootLogger;
			};
			name = Release;
		};
/* End XCBuildConfiguration section */

/* Begin XCConfigurationList section */
		BF94CA8E2743921300C0E074 /* Build configuration list for PBXProject "LootLogger" */ = {
			isa = XCConfigurationList;
			buildConfigurations = (
				BF94CABB2743921400C0E074 /* Debug */,
				BF94CABC2743921400C0E074 /* Release */,
			);
			defaultConfigurationIsVisible = 0;
			defaultConfigurationName = Release;
		};
		BF94CABD2743921400C0E074 /* Build configuration list for PBXNativeTarget "LootLogger" */ = {
			isa = XCConfigurationList;
			buildConfigurations = (
				BF94CABE2743921400C0E074 /* Debug */,
				BF94CABF2743921400C0E074 /* Release */,
			);
			defaultConfigurationIsVisible = 0;
			defaultConfigurationName = Release;
		};
		BF94CAC02743921400C0E074 /* Build configuration list for PBXNativeTarget "LootLoggerTests" */ = {
			isa = XCConfigurationList;
			buildConfigurations = (
				BF94CAC12743921400C0E074 /* Debug */,
				BF94CAC22743921400C0E074 /* Release */,
			);
			defaultConfigurationIsVisible = 0;
			defaultConfigurationName = Release;
		};
		BF94CAC32743921400C0E074 /* Build configuration list for PBXNativeTarget "LootLoggerUITests" */ = {
			isa = XCConfigurationList;
			buildConfigurations = (
				BF94CAC42743921400C0E074 /* Debug */,
				BF94CAC52743921400C0E074 /* Release */,
			);
			defaultConfigurationIsVisible = 0;
			defaultConfigurationName = Release;
		};
/* End XCConfigurationList section */
	};
	rootObject = BF94CA8B2743921300C0E074 /* Project object */;
}
