// !$*UTF8*$!
{
	archiveVersion = 1;
	classes = {
	};
	objectVersion = 54;
	objects = {

/* Begin PBXBuildFile section */
		2704BA05274B7948003D23AB /* ItemCell.swift in Sources */ = {isa = PBXBuildFile; fileRef = 2704BA04274B7948003D23AB /* ItemCell.swift */; };
		27209A0127451356008BEF79 /* ItemStore.swift in Sources */ = {isa = PBXBuildFile; fileRef = 27209A0027451356008BEF79 /* ItemStore.swift */; };
		27531088274FA751005424BD /* DetailViewController.swift in Sources */ = {isa = PBXBuildFile; fileRef = 27531087274FA751005424BD /* DetailViewController.swift */; };
		27820B882744D473007EA1DB /* AppDelegate.swift in Sources */ = {isa = PBXBuildFile; fileRef = 27820B872744D473007EA1DB /* AppDelegate.swift */; };
		27820B8A2744D473007EA1DB /* SceneDelegate.swift in Sources */ = {isa = PBXBuildFile; fileRef = 27820B892744D473007EA1DB /* SceneDelegate.swift */; };
		27820B8F2744D473007EA1DB /* Main.storyboard in Resources */ = {isa = PBXBuildFile; fileRef = 27820B8D2744D473007EA1DB /* Main.storyboard */; };
		27820B912744D474007EA1DB /* Assets.xcassets in Resources */ = {isa = PBXBuildFile; fileRef = 27820B902744D474007EA1DB /* Assets.xcassets */; };
		27820B942744D474007EA1DB /* LaunchScreen.storyboard in Resources */ = {isa = PBXBuildFile; fileRef = 27820B922744D474007EA1DB /* LaunchScreen.storyboard */; };
		27820B9F2744D474007EA1DB /* LootLoggerTests.swift in Sources */ = {isa = PBXBuildFile; fileRef = 27820B9E2744D474007EA1DB /* LootLoggerTests.swift */; };
		27820BAA2744D474007EA1DB /* LootLoggerUITests.swift in Sources */ = {isa = PBXBuildFile; fileRef = 27820BA92744D474007EA1DB /* LootLoggerUITests.swift */; };
		27820BB82744D798007EA1DB /* ItemsViewController.swift in Sources */ = {isa = PBXBuildFile; fileRef = 27820BB72744D798007EA1DB /* ItemsViewController.swift */; };
		27820BBA2744DC2F007EA1DB /* Item.swift in Sources */ = {isa = PBXBuildFile; fileRef = 27820BB92744DC2F007EA1DB /* Item.swift */; };
/* End PBXBuildFile section */

/* Begin PBXContainerItemProxy section */
		27820B9B2744D474007EA1DB /* PBXContainerItemProxy */ = {
			isa = PBXContainerItemProxy;
			containerPortal = 27820B7C2744D473007EA1DB /* Project object */;
			proxyType = 1;
			remoteGlobalIDString = 27820B832744D473007EA1DB;
			remoteInfo = LootLogger;
		};
		27820BA62744D474007EA1DB /* PBXContainerItemProxy */ = {
			isa = PBXContainerItemProxy;
			containerPortal = 27820B7C2744D473007EA1DB /* Project object */;
			proxyType = 1;
			remoteGlobalIDString = 27820B832744D473007EA1DB;
			remoteInfo = LootLogger;
		};
/* End PBXContainerItemProxy section */

/* Begin PBXFileReference section */
		2704BA04274B7948003D23AB /* ItemCell.swift */ = {isa = PBXFileReference; lastKnownFileType = sourcecode.swift; path = ItemCell.swift; sourceTree = "<group>"; };
		27209A0027451356008BEF79 /* ItemStore.swift */ = {isa = PBXFileReference; lastKnownFileType = sourcecode.swift; path = ItemStore.swift; sourceTree = "<group>"; };
		27531087274FA751005424BD /* DetailViewController.swift */ = {isa = PBXFileReference; lastKnownFileType = sourcecode.swift; path = DetailViewController.swift; sourceTree = "<group>"; };
		27820B842744D473007EA1DB /* LootLogger_mohammedALatawi.app */ = {isa = PBXFileReference; explicitFileType = wrapper.application; includeInIndex = 0; path = LootLogger_mohammedALatawi.app; sourceTree = BUILT_PRODUCTS_DIR; };
		27820B872744D473007EA1DB /* AppDelegate.swift */ = {isa = PBXFileReference; lastKnownFileType = sourcecode.swift; path = AppDelegate.swift; sourceTree = "<group>"; };
		27820B892744D473007EA1DB /* SceneDelegate.swift */ = {isa = PBXFileReference; lastKnownFileType = sourcecode.swift; path = SceneDelegate.swift; sourceTree = "<group>"; };
		27820B8E2744D473007EA1DB /* Base */ = {isa = PBXFileReference; lastKnownFileType = file.storyboard; name = Base; path = Base.lproj/Main.storyboard; sourceTree = "<group>"; };
		27820B902744D474007EA1DB /* Assets.xcassets */ = {isa = PBXFileReference; lastKnownFileType = folder.assetcatalog; path = Assets.xcassets; sourceTree = "<group>"; };
		27820B932744D474007EA1DB /* Base */ = {isa = PBXFileReference; lastKnownFileType = file.storyboard; name = Base; path = Base.lproj/LaunchScreen.storyboard; sourceTree = "<group>"; };
		27820B952744D474007EA1DB /* Info.plist */ = {isa = PBXFileReference; lastKnownFileType = text.plist.xml; path = Info.plist; sourceTree = "<group>"; };
		27820B9A2744D474007EA1DB /* LootLogger_mohammedALatawiTests.xctest */ = {isa = PBXFileReference; explicitFileType = wrapper.cfbundle; includeInIndex = 0; path = LootLogger_mohammedALatawiTests.xctest; sourceTree = BUILT_PRODUCTS_DIR; };
		27820B9E2744D474007EA1DB /* LootLoggerTests.swift */ = {isa = PBXFileReference; lastKnownFileType = sourcecode.swift; path = LootLoggerTests.swift; sourceTree = "<group>"; };
		27820BA02744D474007EA1DB /* Info.plist */ = {isa = PBXFileReference; lastKnownFileType = text.plist.xml; path = Info.plist; sourceTree = "<group>"; };
		27820BA52744D474007EA1DB /* LootLogger_mohammedALatawiUITests.xctest */ = {isa = PBXFileReference; explicitFileType = wrapper.cfbundle; includeInIndex = 0; path = LootLogger_mohammedALatawiUITests.xctest; sourceTree = BUILT_PRODUCTS_DIR; };
		27820BA92744D474007EA1DB /* LootLoggerUITests.swift */ = {isa = PBXFileReference; lastKnownFileType = sourcecode.swift; path = LootLoggerUITests.swift; sourceTree = "<group>"; };
		27820BAB2744D474007EA1DB /* Info.plist */ = {isa = PBXFileReference; lastKnownFileType = text.plist.xml; path = Info.plist; sourceTree = "<group>"; };
		27820BB72744D798007EA1DB /* ItemsViewController.swift */ = {isa = PBXFileReference; lastKnownFileType = sourcecode.swift; path = ItemsViewController.swift; sourceTree = "<group>"; };
		27820BB92744DC2F007EA1DB /* Item.swift */ = {isa = PBXFileReference; lastKnownFileType = sourcecode.swift; path = Item.swift; sourceTree = "<group>"; };
/* End PBXFileReference section */

/* Begin PBXFrameworksBuildPhase section */
		27820B812744D473007EA1DB /* Frameworks */ = {
			isa = PBXFrameworksBuildPhase;
			buildActionMask = 2147483647;
			files = (
			);
			runOnlyForDeploymentPostprocessing = 0;
		};
		27820B972744D474007EA1DB /* Frameworks */ = {
			isa = PBXFrameworksBuildPhase;
			buildActionMask = 2147483647;
			files = (
			);
			runOnlyForDeploymentPostprocessing = 0;
		};
		27820BA22744D474007EA1DB /* Frameworks */ = {
			isa = PBXFrameworksBuildPhase;
			buildActionMask = 2147483647;
			files = (
			);
			runOnlyForDeploymentPostprocessing = 0;
		};
/* End PBXFrameworksBuildPhase section */

/* Begin PBXGroup section */
		27820B7B2744D473007EA1DB = {
			isa = PBXGroup;
			children = (
				27820B862744D473007EA1DB /* LootLogger */,
				27820B9D2744D474007EA1DB /* LootLoggerTests */,
				27820BA82744D474007EA1DB /* LootLoggerUITests */,
				27820B852744D473007EA1DB /* Products */,
			);
			sourceTree = "<group>";
		};
		27820B852744D473007EA1DB /* Products */ = {
			isa = PBXGroup;
			children = (
				27820B842744D473007EA1DB /* LootLogger_mohammedALatawi.app */,
				27820B9A2744D474007EA1DB /* LootLogger_mohammedALatawiTests.xctest */,
				27820BA52744D474007EA1DB /* LootLogger_mohammedALatawiUITests.xctest */,
			);
			name = Products;
			sourceTree = "<group>";
		};
		27820B862744D473007EA1DB /* LootLogger */ = {
			isa = PBXGroup;
			children = (
				27AC6EC5274D208100EEEBC7 /* Model */,
				27D23C53274660EC007CC0BD /* Controller */,
				27D23C542746610C007CC0BD /* View */,
				27D62DC5275CADAB00807C84 /* Spport */,
				27820B952744D474007EA1DB /* Info.plist */,
				27820B902744D474007EA1DB /* Assets.xcassets */,
			);
			path = LootLogger;
			sourceTree = "<group>";
		};
		27820B9D2744D474007EA1DB /* LootLoggerTests */ = {
			isa = PBXGroup;
			children = (
				27820B9E2744D474007EA1DB /* LootLoggerTests.swift */,
				27820BA02744D474007EA1DB /* Info.plist */,
			);
			path = LootLoggerTests;
			sourceTree = "<group>";
		};
		27820BA82744D474007EA1DB /* LootLoggerUITests */ = {
			isa = PBXGroup;
			children = (
				27820BA92744D474007EA1DB /* LootLoggerUITests.swift */,
				27820BAB2744D474007EA1DB /* Info.plist */,
			);
			path = LootLoggerUITests;
			sourceTree = "<group>";
		};
		27AC6EC5274D208100EEEBC7 /* Model */ = {
			isa = PBXGroup;
			children = (
				27820BB92744DC2F007EA1DB /* Item.swift */,
				27209A0027451356008BEF79 /* ItemStore.swift */,
				2704BA04274B7948003D23AB /* ItemCell.swift */,
			);
			path = Model;
			sourceTree = "<group>";
		};
		27D23C53274660EC007CC0BD /* Controller */ = {
			isa = PBXGroup;
			children = (
				27531087274FA751005424BD /* DetailViewController.swift */,
				27820BB72744D798007EA1DB /* ItemsViewController.swift */,
			);
			path = Controller;
			sourceTree = "<group>";
		};
		27D23C542746610C007CC0BD /* View */ = {
			isa = PBXGroup;
			children = (
				27820B8D2744D473007EA1DB /* Main.storyboard */,
				27820B922744D474007EA1DB /* LaunchScreen.storyboard */,
			);
			path = View;
			sourceTree = "<group>";
		};
		27D62DC5275CADAB00807C84 /* Spport */ = {
			isa = PBXGroup;
			children = (
				27820B892744D473007EA1DB /* SceneDelegate.swift */,
				27820B872744D473007EA1DB /* AppDelegate.swift */,
			);
			path = Spport;
			sourceTree = "<group>";
		};
/* End PBXGroup section */

/* Begin PBXNativeTarget section */
		27820B832744D473007EA1DB /* LootLogger_mohammedALatawi */ = {
			isa = PBXNativeTarget;
			buildConfigurationList = 27820BAE2744D474007EA1DB /* Build configuration list for PBXNativeTarget "LootLogger_mohammedALatawi" */;
			buildPhases = (
				27820B802744D473007EA1DB /* Sources */,
				27820B812744D473007EA1DB /* Frameworks */,
				27820B822744D473007EA1DB /* Resources */,
			);
			buildRules = (
			);
			dependencies = (
			);
			name = LootLogger_mohammedALatawi;
			productName = LootLogger;
			productReference = 27820B842744D473007EA1DB /* LootLogger_mohammedALatawi.app */;
			productType = "com.apple.product-type.application";
		};
		27820B992744D474007EA1DB /* LootLogger_mohammedALatawiTests */ = {
			isa = PBXNativeTarget;
			buildConfigurationList = 27820BB12744D474007EA1DB /* Build configuration list for PBXNativeTarget "LootLogger_mohammedALatawiTests" */;
			buildPhases = (
				27820B962744D474007EA1DB /* Sources */,
				27820B972744D474007EA1DB /* Frameworks */,
				27820B982744D474007EA1DB /* Resources */,
			);
			buildRules = (
			);
			dependencies = (
				27820B9C2744D474007EA1DB /* PBXTargetDependency */,
			);
			name = LootLogger_mohammedALatawiTests;
			productName = LootLoggerTests;
			productReference = 27820B9A2744D474007EA1DB /* LootLogger_mohammedALatawiTests.xctest */;
			productType = "com.apple.product-type.bundle.unit-test";
		};
		27820BA42744D474007EA1DB /* LootLogger_mohammedALatawiUITests */ = {
			isa = PBXNativeTarget;
			buildConfigurationList = 27820BB42744D474007EA1DB /* Build configuration list for PBXNativeTarget "LootLogger_mohammedALatawiUITests" */;
			buildPhases = (
				27820BA12744D474007EA1DB /* Sources */,
				27820BA22744D474007EA1DB /* Frameworks */,
				27820BA32744D474007EA1DB /* Resources */,
			);
			buildRules = (
			);
			dependencies = (
				27820BA72744D474007EA1DB /* PBXTargetDependency */,
			);
			name = LootLogger_mohammedALatawiUITests;
			productName = LootLoggerUITests;
			productReference = 27820BA52744D474007EA1DB /* LootLogger_mohammedALatawiUITests.xctest */;
			productType = "com.apple.product-type.bundle.ui-testing";
		};
/* End PBXNativeTarget section */

/* Begin PBXProject section */
		27820B7C2744D473007EA1DB /* Project object */ = {
			isa = PBXProject;
			attributes = {
				LastSwiftUpdateCheck = 1250;
				LastUpgradeCheck = 1250;
				TargetAttributes = {
					27820B832744D473007EA1DB = {
						CreatedOnToolsVersion = 12.5;
					};
					27820B992744D474007EA1DB = {
						CreatedOnToolsVersion = 12.5;
						TestTargetID = 27820B832744D473007EA1DB;
					};
					27820BA42744D474007EA1DB = {
						CreatedOnToolsVersion = 12.5;
						TestTargetID = 27820B832744D473007EA1DB;
					};
				};
			};
			buildConfigurationList = 27820B7F2744D473007EA1DB /* Build configuration list for PBXProject "LootLogger_mohammedALatawi" */;
			compatibilityVersion = "Xcode 12.0";
			developmentRegion = en;
			hasScannedForEncodings = 0;
			knownRegions = (
				en,
				Base,
			);
			mainGroup = 27820B7B2744D473007EA1DB;
			productRefGroup = 27820B852744D473007EA1DB /* Products */;
			projectDirPath = "";
			projectRoot = "";
			targets = (
				27820B832744D473007EA1DB /* LootLogger_mohammedALatawi */,
				27820B992744D474007EA1DB /* LootLogger_mohammedALatawiTests */,
				27820BA42744D474007EA1DB /* LootLogger_mohammedALatawiUITests */,
			);
		};
/* End PBXProject section */

/* Begin PBXResourcesBuildPhase section */
		27820B822744D473007EA1DB /* Resources */ = {
			isa = PBXResourcesBuildPhase;
			buildActionMask = 2147483647;
			files = (
				27820B942744D474007EA1DB /* LaunchScreen.storyboard in Resources */,
				27820B912744D474007EA1DB /* Assets.xcassets in Resources */,
				27820B8F2744D473007EA1DB /* Main.storyboard in Resources */,
			);
			runOnlyForDeploymentPostprocessing = 0;
		};
		27820B982744D474007EA1DB /* Resources */ = {
			isa = PBXResourcesBuildPhase;
			buildActionMask = 2147483647;
			files = (
			);
			runOnlyForDeploymentPostprocessing = 0;
		};
		27820BA32744D474007EA1DB /* Resources */ = {
			isa = PBXResourcesBuildPhase;
			buildActionMask = 2147483647;
			files = (
			);
			runOnlyForDeploymentPostprocessing = 0;
		};
/* End PBXResourcesBuildPhase section */

/* Begin PBXSourcesBuildPhase section */
		27820B802744D473007EA1DB /* Sources */ = {
			isa = PBXSourcesBuildPhase;
			buildActionMask = 2147483647;
			files = (
				27820BBA2744DC2F007EA1DB /* Item.swift in Sources */,
				27820B882744D473007EA1DB /* AppDelegate.swift in Sources */,
				2704BA05274B7948003D23AB /* ItemCell.swift in Sources */,
				27820BB82744D798007EA1DB /* ItemsViewController.swift in Sources */,
				27209A0127451356008BEF79 /* ItemStore.swift in Sources */,
				27820B8A2744D473007EA1DB /* SceneDelegate.swift in Sources */,
				27531088274FA751005424BD /* DetailViewController.swift in Sources */,
			);
			runOnlyForDeploymentPostprocessing = 0;
		};
		27820B962744D474007EA1DB /* Sources */ = {
			isa = PBXSourcesBuildPhase;
			buildActionMask = 2147483647;
			files = (
				27820B9F2744D474007EA1DB /* LootLoggerTests.swift in Sources */,
			);
			runOnlyForDeploymentPostprocessing = 0;
		};
		27820BA12744D474007EA1DB /* Sources */ = {
			isa = PBXSourcesBuildPhase;
			buildActionMask = 2147483647;
			files = (
				27820BAA2744D474007EA1DB /* LootLoggerUITests.swift in Sources */,
			);
			runOnlyForDeploymentPostprocessing = 0;
		};
/* End PBXSourcesBuildPhase section */

/* Begin PBXTargetDependency section */
		27820B9C2744D474007EA1DB /* PBXTargetDependency */ = {
			isa = PBXTargetDependency;
			target = 27820B832744D473007EA1DB /* LootLogger_mohammedALatawi */;
			targetProxy = 27820B9B2744D474007EA1DB /* PBXContainerItemProxy */;
		};
		27820BA72744D474007EA1DB /* PBXTargetDependency */ = {
			isa = PBXTargetDependency;
			target = 27820B832744D473007EA1DB /* LootLogger_mohammedALatawi */;
			targetProxy = 27820BA62744D474007EA1DB /* PBXContainerItemProxy */;
		};
/* End PBXTargetDependency section */

/* Begin PBXVariantGroup section */
		27820B8D2744D473007EA1DB /* Main.storyboard */ = {
			isa = PBXVariantGroup;
			children = (
				27820B8E2744D473007EA1DB /* Base */,
			);
			name = Main.storyboard;
			sourceTree = "<group>";
		};
		27820B922744D474007EA1DB /* LaunchScreen.storyboard */ = {
			isa = PBXVariantGroup;
			children = (
				27820B932744D474007EA1DB /* Base */,
			);
			name = LaunchScreen.storyboard;
			sourceTree = "<group>";
		};
/* End PBXVariantGroup section */

/* Begin XCBuildConfiguration section */
		27820BAC2744D474007EA1DB /* Debug */ = {
			isa = XCBuildConfiguration;
			buildSettings = {
				ALWAYS_SEARCH_USER_PATHS = NO;
				CLANG_ANALYZER_NONNULL = YES;
				CLANG_ANALYZER_NUMBER_OBJECT_CONVERSION = YES_AGGRESSIVE;
				CLANG_CXX_LANGUAGE_STANDARD = "gnu++14";
				CLANG_CXX_LIBRARY = "libc++";
				CLANG_ENABLE_MODULES = YES;
				CLANG_ENABLE_OBJC_ARC = YES;
				CLANG_ENABLE_OBJC_WEAK = YES;
				CLANG_WARN_BLOCK_CAPTURE_AUTORELEASING = YES;
				CLANG_WARN_BOOL_CONVERSION = YES;
				CLANG_WARN_COMMA = YES;
				CLANG_WARN_CONSTANT_CONVERSION = YES;
				CLANG_WARN_DEPRECATED_OBJC_IMPLEMENTATIONS = YES;
				CLANG_WARN_DIRECT_OBJC_ISA_USAGE = YES_ERROR;
				CLANG_WARN_DOCUMENTATION_COMMENTS = YES;
				CLANG_WARN_EMPTY_BODY = YES;
				CLANG_WARN_ENUM_CONVERSION = YES;
				CLANG_WARN_INFINITE_RECURSION = YES;
				CLANG_WARN_INT_CONVERSION = YES;
				CLANG_WARN_NON_LITERAL_NULL_CONVERSION = YES;
				CLANG_WARN_OBJC_IMPLICIT_RETAIN_SELF = YES;
				CLANG_WARN_OBJC_LITERAL_CONVERSION = YES;
				CLANG_WARN_OBJC_ROOT_CLASS = YES_ERROR;
				CLANG_WARN_QUOTED_INCLUDE_IN_FRAMEWORK_HEADER = YES;
				CLANG_WARN_RANGE_LOOP_ANALYSIS = YES;
				CLANG_WARN_STRICT_PROTOTYPES = YES;
				CLANG_WARN_SUSPICIOUS_MOVE = YES;
				CLANG_WARN_UNGUARDED_AVAILABILITY = YES_AGGRESSIVE;
				CLANG_WARN_UNREACHABLE_CODE = YES;
				CLANG_WARN__DUPLICATE_METHOD_MATCH = YES;
				COPY_PHASE_STRIP = NO;
				DEBUG_INFORMATION_FORMAT = dwarf;
				ENABLE_STRICT_OBJC_MSGSEND = YES;
				ENABLE_TESTABILITY = YES;
				GCC_C_LANGUAGE_STANDARD = gnu11;
				GCC_DYNAMIC_NO_PIC = NO;
				GCC_NO_COMMON_BLOCKS = YES;
				GCC_OPTIMIZATION_LEVEL = 0;
				GCC_PREPROCESSOR_DEFINITIONS = (
					"DEBUG=1",
					"$(inherited)",
				);
				GCC_WARN_64_TO_32_BIT_CONVERSION = YES;
				GCC_WARN_ABOUT_RETURN_TYPE = YES_ERROR;
				GCC_WARN_UNDECLARED_SELECTOR = YES;
				GCC_WARN_UNINITIALIZED_AUTOS = YES_AGGRESSIVE;
				GCC_WARN_UNUSED_FUNCTION = YES;
				GCC_WARN_UNUSED_VARIABLE = YES;
				IPHONEOS_DEPLOYMENT_TARGET = 14.5;
				MTL_ENABLE_DEBUG_INFO = INCLUDE_SOURCE;
				MTL_FAST_MATH = YES;
				ONLY_ACTIVE_ARCH = YES;
				SDKROOT = iphoneos;
				SWIFT_ACTIVE_COMPILATION_CONDITIONS = DEBUG;
				SWIFT_OPTIMIZATION_LEVEL = "-Onone";
			};
			name = Debug;
		};
		27820BAD2744D474007EA1DB /* Release */ = {
			isa = XCBuildConfiguration;
			buildSettings = {
				ALWAYS_SEARCH_USER_PATHS = NO;
				CLANG_ANALYZER_NONNULL = YES;
				CLANG_ANALYZER_NUMBER_OBJECT_CONVERSION = YES_AGGRESSIVE;
				CLANG_CXX_LANGUAGE_STANDARD = "gnu++14";
				CLANG_CXX_LIBRARY = "libc++";
				CLANG_ENABLE_MODULES = YES;
				CLANG_ENABLE_OBJC_ARC = YES;
				CLANG_ENABLE_OBJC_WEAK = YES;
				CLANG_WARN_BLOCK_CAPTURE_AUTORELEASING = YES;
				CLANG_WARN_BOOL_CONVERSION = YES;
				CLANG_WARN_COMMA = YES;
				CLANG_WARN_CONSTANT_CONVERSION = YES;
				CLANG_WARN_DEPRECATED_OBJC_IMPLEMENTATIONS = YES;
				CLANG_WARN_DIRECT_OBJC_ISA_USAGE = YES_ERROR;
				CLANG_WARN_DOCUMENTATION_COMMENTS = YES;
				CLANG_WARN_EMPTY_BODY = YES;
				CLANG_WARN_ENUM_CONVERSION = YES;
				CLANG_WARN_INFINITE_RECURSION = YES;
				CLANG_WARN_INT_CONVERSION = YES;
				CLANG_WARN_NON_LITERAL_NULL_CONVERSION = YES;
				CLANG_WARN_OBJC_IMPLICIT_RETAIN_SELF = YES;
				CLANG_WARN_OBJC_LITERAL_CONVERSION = YES;
				CLANG_WARN_OBJC_ROOT_CLASS = YES_ERROR;
				CLANG_WARN_QUOTED_INCLUDE_IN_FRAMEWORK_HEADER = YES;
				CLANG_WARN_RANGE_LOOP_ANALYSIS = YES;
				CLANG_WARN_STRICT_PROTOTYPES = YES;
				CLANG_WARN_SUSPICIOUS_MOVE = YES;
				CLANG_WARN_UNGUARDED_AVAILABILITY = YES_AGGRESSIVE;
				CLANG_WARN_UNREACHABLE_CODE = YES;
				CLANG_WARN__DUPLICATE_METHOD_MATCH = YES;
				COPY_PHASE_STRIP = NO;
				DEBUG_INFORMATION_FORMAT = "dwarf-with-dsym";
				ENABLE_NS_ASSERTIONS = NO;
				ENABLE_STRICT_OBJC_MSGSEND = YES;
				GCC_C_LANGUAGE_STANDARD = gnu11;
				GCC_NO_COMMON_BLOCKS = YES;
				GCC_WARN_64_TO_32_BIT_CONVERSION = YES;
				GCC_WARN_ABOUT_RETURN_TYPE = YES_ERROR;
				GCC_WARN_UNDECLARED_SELECTOR = YES;
				GCC_WARN_UNINITIALIZED_AUTOS = YES_AGGRESSIVE;
				GCC_WARN_UNUSED_FUNCTION = YES;
				GCC_WARN_UNUSED_VARIABLE = YES;
				IPHONEOS_DEPLOYMENT_TARGET = 14.5;
				MTL_ENABLE_DEBUG_INFO = NO;
				MTL_FAST_MATH = YES;
				SDKROOT = iphoneos;
				SWIFT_COMPILATION_MODE = wholemodule;
				SWIFT_OPTIMIZATION_LEVEL = "-O";
				VALIDATE_PRODUCT = YES;
			};
			name = Release;
		};
		27820BAF2744D474007EA1DB /* Debug */ = {
			isa = XCBuildConfiguration;
			buildSettings = {
				ASSETCATALOG_COMPILER_APPICON_NAME = AppIcon;
				ASSETCATALOG_COMPILER_GLOBAL_ACCENT_COLOR_NAME = AccentColor;
				CODE_SIGN_STYLE = Automatic;
				DEVELOPMENT_TEAM = 6AGFQ96A5N;
				INFOPLIST_FILE = LootLogger/Info.plist;
				LD_RUNPATH_SEARCH_PATHS = (
					"$(inherited)",
					"@executable_path/Frameworks",
				);
				PRODUCT_BUNDLE_IDENTIFIER = com.mohammed.LootLogger;
				PRODUCT_NAME = "$(TARGET_NAME)";
				SWIFT_VERSION = 5.0;
				TARGETED_DEVICE_FAMILY = "1,2";
			};
			name = Debug;
		};
		27820BB02744D474007EA1DB /* Release */ = {
			isa = XCBuildConfiguration;
			buildSettings = {
				ASSETCATALOG_COMPILER_APPICON_NAME = AppIcon;
				ASSETCATALOG_COMPILER_GLOBAL_ACCENT_COLOR_NAME = AccentColor;
				CODE_SIGN_STYLE = Automatic;
				DEVELOPMENT_TEAM = 6AGFQ96A5N;
				INFOPLIST_FILE = LootLogger/Info.plist;
				LD_RUNPATH_SEARCH_PATHS = (
					"$(inherited)",
					"@executable_path/Frameworks",
				);
				PRODUCT_BUNDLE_IDENTIFIER = com.mohammed.LootLogger;
				PRODUCT_NAME = "$(TARGET_NAME)";
				SWIFT_VERSION = 5.0;
				TARGETED_DEVICE_FAMILY = "1,2";
			};
			name = Release;
		};
		27820BB22744D474007EA1DB /* Debug */ = {
			isa = XCBuildConfiguration;
			buildSettings = {
				ALWAYS_EMBED_SWIFT_STANDARD_LIBRARIES = YES;
				BUNDLE_LOADER = "$(TEST_HOST)";
				CODE_SIGN_STYLE = Automatic;
				DEVELOPMENT_TEAM = 6AGFQ96A5N;
				INFOPLIST_FILE = LootLoggerTests/Info.plist;
				IPHONEOS_DEPLOYMENT_TARGET = 14.5;
				LD_RUNPATH_SEARCH_PATHS = (
					"$(inherited)",
					"@executable_path/Frameworks",
					"@loader_path/Frameworks",
				);
				PRODUCT_BUNDLE_IDENTIFIER = com.mohammed.LootLoggerTests;
				PRODUCT_NAME = "$(TARGET_NAME)";
				SWIFT_VERSION = 5.0;
				TARGETED_DEVICE_FAMILY = "1,2";
				TEST_HOST = "$(BUILT_PRODUCTS_DIR)/LootLogger_mohammedALatawi.app/LootLogger_mohammedALatawi";
			};
			name = Debug;
		};
		27820BB32744D474007EA1DB /* Release */ = {
			isa = XCBuildConfiguration;
			buildSettings = {
				ALWAYS_EMBED_SWIFT_STANDARD_LIBRARIES = YES;
				BUNDLE_LOADER = "$(TEST_HOST)";
				CODE_SIGN_STYLE = Automatic;
				DEVELOPMENT_TEAM = 6AGFQ96A5N;
				INFOPLIST_FILE = LootLoggerTests/Info.plist;
				IPHONEOS_DEPLOYMENT_TARGET = 14.5;
				LD_RUNPATH_SEARCH_PATHS = (
					"$(inherited)",
					"@executable_path/Frameworks",
					"@loader_path/Frameworks",
				);
				PRODUCT_BUNDLE_IDENTIFIER = com.mohammed.LootLoggerTests;
				PRODUCT_NAME = "$(TARGET_NAME)";
				SWIFT_VERSION = 5.0;
				TARGETED_DEVICE_FAMILY = "1,2";
				TEST_HOST = "$(BUILT_PRODUCTS_DIR)/LootLogger_mohammedALatawi.app/LootLogger_mohammedALatawi";
			};
			name = Release;
		};
		27820BB52744D474007EA1DB /* Debug */ = {
			isa = XCBuildConfiguration;
			buildSettings = {
				ALWAYS_EMBED_SWIFT_STANDARD_LIBRARIES = YES;
				CODE_SIGN_STYLE = Automatic;
				DEVELOPMENT_TEAM = 6AGFQ96A5N;
				INFOPLIST_FILE = LootLoggerUITests/Info.plist;
				LD_RUNPATH_SEARCH_PATHS = (
					"$(inherited)",
					"@executable_path/Frameworks",
					"@loader_path/Frameworks",
				);
				PRODUCT_BUNDLE_IDENTIFIER = com.mohammed.LootLoggerUITests;
				PRODUCT_NAME = "$(TARGET_NAME)";
				SWIFT_VERSION = 5.0;
				TARGETED_DEVICE_FAMILY = "1,2";
				TEST_TARGET_NAME = LootLogger;
			};
			name = Debug;
		};
		27820BB62744D474007EA1DB /* Release */ = {
			isa = XCBuildConfiguration;
			buildSettings = {
				ALWAYS_EMBED_SWIFT_STANDARD_LIBRARIES = YES;
				CODE_SIGN_STYLE = Automatic;
				DEVELOPMENT_TEAM = 6AGFQ96A5N;
				INFOPLIST_FILE = LootLoggerUITests/Info.plist;
				LD_RUNPATH_SEARCH_PATHS = (
					"$(inherited)",
					"@executable_path/Frameworks",
					"@loader_path/Frameworks",
				);
				PRODUCT_BUNDLE_IDENTIFIER = com.mohammed.LootLoggerUITests;
				PRODUCT_NAME = "$(TARGET_NAME)";
				SWIFT_VERSION = 5.0;
				TARGETED_DEVICE_FAMILY = "1,2";
				TEST_TARGET_NAME = LootLogger;
			};
			name = Release;
		};
/* End XCBuildConfiguration section */

/* Begin XCConfigurationList section */
		27820B7F2744D473007EA1DB /* Build configuration list for PBXProject "LootLogger_mohammedALatawi" */ = {
			isa = XCConfigurationList;
			buildConfigurations = (
				27820BAC2744D474007EA1DB /* Debug */,
				27820BAD2744D474007EA1DB /* Release */,
			);
			defaultConfigurationIsVisible = 0;
			defaultConfigurationName = Release;
		};
		27820BAE2744D474007EA1DB /* Build configuration list for PBXNativeTarget "LootLogger_mohammedALatawi" */ = {
			isa = XCConfigurationList;
			buildConfigurations = (
				27820BAF2744D474007EA1DB /* Debug */,
				27820BB02744D474007EA1DB /* Release */,
			);
			defaultConfigurationIsVisible = 0;
			defaultConfigurationName = Release;
		};
		27820BB12744D474007EA1DB /* Build configuration list for PBXNativeTarget "LootLogger_mohammedALatawiTests" */ = {
			isa = XCConfigurationList;
			buildConfigurations = (
				27820BB22744D474007EA1DB /* Debug */,
				27820BB32744D474007EA1DB /* Release */,
			);
			defaultConfigurationIsVisible = 0;
			defaultConfigurationName = Release;
		};
		27820BB42744D474007EA1DB /* Build configuration list for PBXNativeTarget "LootLogger_mohammedALatawiUITests" */ = {
			isa = XCConfigurationList;
			buildConfigurations = (
				27820BB52744D474007EA1DB /* Debug */,
				27820BB62744D474007EA1DB /* Release */,
			);
			defaultConfigurationIsVisible = 0;
			defaultConfigurationName = Release;
		};
/* End XCConfigurationList section */
	};
	rootObject = 27820B7C2744D473007EA1DB /* Project object */;
}
